{
  "version": 4,
  "terraform_version": "1.13.5",
  "serial": 64,
  "lineage": "cd379091-c489-16e5-a759-d7cf9c209e6e",
  "outputs": {
    "api-url": {
      "value": "gateway-25iq0pr1.ue.gateway.dev",
      "type": "string"
    },
    "project-id": {
      "value": "xiaice-class-assistant",
      "type": "string"
    }
  },
  "resources": [
    {
      "mode": "data",
      "type": "archive_file",
      "name": "goodbyeFunction_archiveFile_B8C70E7D",
      "provider": "provider[\"registry.terraform.io/hashicorp/archive\"]",
      "instances": [
        {
          "schema_version": 0,
          "attributes": {
            "exclude_symlink_directories": null,
            "excludes": null,
            "id": "4f1ca58027a329b6c5fc33ad01f26a14d03888d2",
            "output_base64sha256": "i4XkpkpjXqe+tx1nr4Noi16jgnzmqcgvWc0GzU65R7k=",
            "output_base64sha512": "UVpR/tyhKqB0JopsmvXisws/UqX0QT2JrRAFYZwNQ5tGyHl2GKnZhoilpfckUDXXcfwrblyNetlT4hvwoTlJpg==",
            "output_file_mode": null,
            "output_md5": "1f65adf7f478c0b7b17736d0c844e514",
            "output_path": "/workspaces/xiaoice_class_assistant/cdktf/cdktf.out/functions/function-source-tSxvo78TCbIA0Kgxcg7FmReRFgY=.zip",
            "output_sha": "4f1ca58027a329b6c5fc33ad01f26a14d03888d2",
            "output_sha256": "8b85e4a64a635ea7beb71d67af83688b5ea3827ce6a9c82f59cd06cd4eb947b9",
            "output_sha512": "515a51fedca12aa074268a6c9af5e2b30b3f52a5f4413d89ad1005619c0d439b46c8797618a9d98688a5a5f7245035d771fc2b6e5c8d7ad953e21bf0a13949a6",
            "output_size": 751,
            "source": [],
            "source_content": null,
            "source_content_filename": null,
            "source_dir": "/workspaces/xiaoice_class_assistant/functions/goodbye",
            "source_file": null,
            "type": "zip"
          },
          "sensitive_attributes": [],
          "identity_schema_version": 0
        }
      ]
    },
    {
      "mode": "data",
      "type": "archive_file",
      "name": "recquestionsFunction_archiveFile_DEE13B1F",
      "provider": "provider[\"registry.terraform.io/hashicorp/archive\"]",
      "instances": [
        {
          "schema_version": 0,
          "attributes": {
            "exclude_symlink_directories": null,
            "excludes": null,
            "id": "979ca23f8dc9f14cebde57ebe243e6a110ecf2f8",
            "output_base64sha256": "fu79iseOKSW/2eVRwX0ooIUbG3jCkWpDzhFVVHKoqVA=",
            "output_base64sha512": "fsY0/HdAt/Q19fSmLSQ1hLpHSXX2jH45bkaLDQf2h4Vd7MTuQhVrqjodIuu7uC0sKVvDWJvtUw3InetSmIsenw==",
            "output_file_mode": null,
            "output_md5": "3a21631324fa371553030f9bc8e579bb",
            "output_path": "/workspaces/xiaoice_class_assistant/cdktf/cdktf.out/functions/function-source-uNNsmU8gO6WuzV47aqYVtZ0KhUw=.zip",
            "output_sha": "979ca23f8dc9f14cebde57ebe243e6a110ecf2f8",
            "output_sha256": "7eeefd8ac78e2925bfd9e551c17d28a0851b1b78c2916a43ce11555472a8a950",
            "output_sha512": "7ec634fc7740b7f435f5f4a62d243584ba474975f68c7e396e468b0d07f687855decc4ee42156baa3a1d22ebbbb82d2c295bc3589bed530dc89deb52988b1e9f",
            "output_size": 755,
            "source": [],
            "source_content": null,
            "source_content_filename": null,
            "source_dir": "/workspaces/xiaoice_class_assistant/functions/recquestions",
            "source_file": null,
            "type": "zip"
          },
          "sensitive_attributes": [],
          "identity_schema_version": 0
        }
      ]
    },
    {
      "mode": "data",
      "type": "archive_file",
      "name": "talkStreamFunction_archiveFile_6150954E",
      "provider": "provider[\"registry.terraform.io/hashicorp/archive\"]",
      "instances": [
        {
          "schema_version": 0,
          "attributes": {
            "exclude_symlink_directories": null,
            "excludes": null,
            "id": "e5f9a224b3991bb9307bd31129b7a22499957407",
            "output_base64sha256": "FvSTi/kCCHlebLsrhxGCixVDREmZZdMgEmjs3uOMR50=",
            "output_base64sha512": "n8uOb61pC8nQqhVRMcy2VIZUA36SG/dirgQWYaRc3W42OuETxyl7T72mQCak6sL6t8EuTiKzi9GoMZT5Fq2+OQ==",
            "output_file_mode": null,
            "output_md5": "d62c0fb51394a69b163b875e483262db",
            "output_path": "/workspaces/xiaoice_class_assistant/cdktf/cdktf.out/functions/function-source-DSWT19AK2XbeC+cgE+oOxDIqUkk=.zip",
            "output_sha": "e5f9a224b3991bb9307bd31129b7a22499957407",
            "output_sha256": "16f4938bf90208795e6cbb2b8711828b154344499965d3201268ecdee38c479d",
            "output_sha512": "9fcb8e6fad690bc9d0aa155131ccb6548654037e921bf762ae041661a45cdd6e363ae113c7297b4fbda64026a4eac2fab7c12e4e22b38bd1a83194f916adbe39",
            "output_size": 727,
            "source": [],
            "source_content": null,
            "source_content_filename": null,
            "source_dir": "/workspaces/xiaoice_class_assistant/functions/talk-stream",
            "source_file": null,
            "type": "zip"
          },
          "sensitive_attributes": [],
          "identity_schema_version": 0
        }
      ]
    },
    {
      "mode": "data",
      "type": "archive_file",
      "name": "welcomeFunction_archiveFile_5BD55F0D",
      "provider": "provider[\"registry.terraform.io/hashicorp/archive\"]",
      "instances": [
        {
          "schema_version": 0,
          "attributes": {
            "exclude_symlink_directories": null,
            "excludes": null,
            "id": "a38ff4418ad8484b296f2ea3570b8a85f9b01d3b",
            "output_base64sha256": "0oi8Mn86kRZlji9Cov0JR4qsTfqEs7xgBolBaNNlmCU=",
            "output_base64sha512": "g6GGltQkXUbDDHXxraCsu/U5bx5bfF1gQSZ0Ule7WSXTjP+vpHMSTUJZZGd9uwqlFOD48qEZl8A4OBqSz4HOwg==",
            "output_file_mode": null,
            "output_md5": "c2bc4b8efe9bfadd86b7f79fe3c2d17e",
            "output_path": "/workspaces/xiaoice_class_assistant/cdktf/cdktf.out/functions/function-source-mlCAnNQ9/LJVJayYUi7KUxH/CQQ=.zip",
            "output_sha": "a38ff4418ad8484b296f2ea3570b8a85f9b01d3b",
            "output_sha256": "d288bc327f3a9116658e2f42a2fd09478aac4dfa84b3bc6006894168d3659825",
            "output_sha512": "83a18696d4245d46c30c75f1ada0acbbf5396f1e5b7c5d604126745257bb5925d38cffafa473124d425964677dbb0aa514e0f8f2a11997c038381a92cf81cec2",
            "output_size": 764,
            "source": [],
            "source_content": null,
            "source_content_filename": null,
            "source_dir": "/workspaces/xiaoice_class_assistant/functions/welcome",
            "source_file": null,
            "type": "zip"
          },
          "sensitive_attributes": [],
          "identity_schema_version": 0
        }
      ]
    },
    {
      "mode": "data",
      "type": "google_billing_account",
      "name": "billing-account",
      "provider": "provider[\"registry.terraform.io/hashicorp/google\"]",
      "instances": [
        {
          "schema_version": 0,
          "attributes": {
            "billing_account": "01C74C-667DFE-538DBC",
            "currency_code": "HKD",
            "display_name": "Cyrus Billing Account",
            "id": "01C74C-667DFE-538DBC",
            "lookup_projects": true,
            "name": "billingAccounts/01C74C-667DFE-538DBC",
            "open": true,
            "project_ids": [
              "ai-invigilator-hkiit",
              "cyrus-testing-2023",
              "gemini-ai-classroom-assistant",
              "optimal-cabinet-463610-g2",
              "pytest-runner-2526",
              "pytest-runner-2526-ptest",
              "robot-adk-agent",
              "xiaice-class-assistant"
            ]
          },
          "sensitive_attributes": [],
          "identity_schema_version": 0
        }
      ]
    },
    {
      "mode": "managed",
      "type": "google_api_gateway_api",
      "name": "api-gateway_api_57BFA6D4",
      "provider": "provider[\"registry.terraform.io/hashicorp/google-beta\"]",
      "instances": [
        {
          "schema_version": 0,
          "attributes": {
            "api_id": "xiaoiceapi",
            "create_time": "2025-11-12T08:13:42.556766063Z",
            "display_name": "xiaoiceapi",
            "effective_labels": {
              "goog-terraform-provisioned": "true"
            },
            "id": "projects/xiaice-class-assistant/locations/global/apis/xiaoiceapi",
            "labels": {},
            "managed_service": "xiaoiceapi-12pre08pqvtji.apigateway.xiaice-class-assistant.cloud.goog",
            "name": "projects/xiaice-class-assistant/locations/global/apis/xiaoiceapi",
            "project": "xiaice-class-assistant",
            "terraform_labels": {
              "goog-terraform-provisioned": "true"
            },
            "timeouts": null
          },
          "sensitive_attributes": [],
          "identity_schema_version": 0,
          "private": "eyJlMmJmYjczMC1lY2FhLTExZTYtOGY4OC0zNDM2M2JjN2M0YzAiOnsiY3JlYXRlIjoxMjAwMDAwMDAwMDAwLCJkZWxldGUiOjEyMDAwMDAwMDAwMDAsInVwZGF0ZSI6MTIwMDAwMDAwMDAwMH19",
          "dependencies": [
            "data.google_billing_account.billing-account",
            "google_project.project",
            "google_project_service.api-gateway_apigatewaygoogleapiscom_FD1382FA",
            "google_project_service.api-gateway_iamgoogleapiscom_136CC357",
            "google_project_service.api-gateway_servicecontrolgoogleapiscom_599B31D7",
            "google_project_service.api-gateway_servicemanagementgoogleapiscom_BCEB69C7"
          ],
          "create_before_destroy": true
        }
      ]
    },
    {
      "mode": "managed",
      "type": "google_api_gateway_api_config",
      "name": "api-gateway_apiConfig_B6CA942D",
      "provider": "provider[\"registry.terraform.io/hashicorp/google-beta\"]",
      "instances": [
        {
          "schema_version": 0,
          "attributes": {
            "api": "xiaoiceapi",
            "api_config_id": "terraform-20251112083411900300000001",
            "api_config_id_prefix": null,
            "display_name": "terraform-20251112083411900300000001",
            "effective_labels": {
              "goog-terraform-provisioned": "true"
            },
            "gateway_config": [
              {
                "backend_config": [
                  {
                    "google_service_account": "talk-streamtalkstream@xiaice-class-assistant.iam.gserviceaccount.com"
                  }
                ]
              }
            ],
            "grpc_services": [],
            "id": "projects/xiaice-class-assistant/locations/global/apis/xiaoiceapi/configs/terraform-20251112083411900300000001",
            "labels": {},
            "managed_service_configs": [],
            "name": "projects/168744334429/locations/global/apis/xiaoiceapi/configs/terraform-20251112083411900300000001",
            "openapi_documents": [
              {
                "document": [
                  {
                    "contents": "c3dhZ2dlcjogJzIuMCcKaW5mbzoKICB0aXRsZTogWGlhb2ljZSBBUEkKICBkZXNjcmlwdGlvbjogQVBJIGZvciBYaWFvaWNlIGNoYXQgZnVuY3Rpb25zCiAgdmVyc2lvbjogMS4wLjAKc2NoZW1lczoKICAtIGh0dHBzCnByb2R1Y2VzOgogIC0gYXBwbGljYXRpb24vanNvbgpwYXRoczoKICAvdGFsazoKICAgIHBvc3Q6CiAgICAgIHN1bW1hcnk6IFRhbGsgc3RyZWFtIGVuZHBvaW50CiAgICAgIG9wZXJhdGlvbklkOiB0YWxrU3RyZWFtCiAgICAgIHgtZ29vZ2xlLWJhY2tlbmQ6CiAgICAgICAgYWRkcmVzczogaHR0cHM6Ly91cy1lYXN0MS14aWFpY2UtY2xhc3MtYXNzaXN0YW50LmNsb3VkZnVuY3Rpb25zLm5ldC90YWxrLXN0cmVhbQogICAgICBwYXJhbWV0ZXJzOgogICAgICAgIC0gaW46IGJvZHkKICAgICAgICAgIG5hbWU6IGJvZHkKICAgICAgICAgIHJlcXVpcmVkOiB0cnVlCiAgICAgICAgICBzY2hlbWE6CiAgICAgICAgICAgIHR5cGU6IG9iamVjdAogICAgICAgICAgICBwcm9wZXJ0aWVzOgogICAgICAgICAgICAgIGFza1RleHQ6CiAgICAgICAgICAgICAgICB0eXBlOiBzdHJpbmcKICAgICAgICAgICAgICBzZXNzaW9uSWQ6CiAgICAgICAgICAgICAgICB0eXBlOiBzdHJpbmcKICAgICAgICAgICAgICB0cmFjZUlkOgogICAgICAgICAgICAgICAgdHlwZTogc3RyaW5nCiAgICAgICAgICAgICAgZXh0cmE6CiAgICAgICAgICAgICAgICB0eXBlOiBvYmplY3QKICAgICAgcmVzcG9uc2VzOgogICAgICAgIDIwMDoKICAgICAgICAgIGRlc2NyaXB0aW9uOiBTdWNjZXNzZnVsIHJlc3BvbnNlCiAgL3dlbGNvbWU6CiAgICBwb3N0OgogICAgICBzdW1tYXJ5OiBXZWxjb21lIG1lc3NhZ2UgZW5kcG9pbnQKICAgICAgb3BlcmF0aW9uSWQ6IHdlbGNvbWUKICAgICAgeC1nb29nbGUtYmFja2VuZDoKICAgICAgICBhZGRyZXNzOiBodHRwczovL3VzLWVhc3QxLXhpYWljZS1jbGFzcy1hc3Npc3RhbnQuY2xvdWRmdW5jdGlvbnMubmV0L3dlbGNvbWUKICAgICAgcGFyYW1ldGVyczoKICAgICAgICAtIGluOiBib2R5CiAgICAgICAgICBuYW1lOiBib2R5CiAgICAgICAgICByZXF1aXJlZDogdHJ1ZQogICAgICAgICAgc2NoZW1hOgogICAgICAgICAgICB0eXBlOiBvYmplY3QKICAgICAgICAgICAgcHJvcGVydGllczoKICAgICAgICAgICAgICB0cmFjZUlkOgogICAgICAgICAgICAgICAgdHlwZTogc3RyaW5nCiAgICAgICAgICAgICAgc2Vzc2lvbklkOgogICAgICAgICAgICAgICAgdHlwZTogc3RyaW5nCiAgICAgICAgICAgICAgbGFuZ3VhZ2VDb2RlOgogICAgICAgICAgICAgICAgdHlwZTogc3RyaW5nCiAgICAgIHJlc3BvbnNlczoKICAgICAgICAyMDA6CiAgICAgICAgICBkZXNjcmlwdGlvbjogU3VjY2Vzc2Z1bCByZXNwb25zZQogIC9nb29kYnllOgogICAgcG9zdDoKICAgICAgc3VtbWFyeTogR29vZGJ5ZSBtZXNzYWdlIGVuZHBvaW50CiAgICAgIG9wZXJhdGlvbklkOiBnb29kYnllCiAgICAgIHgtZ29vZ2xlLWJhY2tlbmQ6CiAgICAgICAgYWRkcmVzczogaHR0cHM6Ly91cy1lYXN0MS14aWFpY2UtY2xhc3MtYXNzaXN0YW50LmNsb3VkZnVuY3Rpb25zLm5ldC9nb29kYnllCiAgICAgIHBhcmFtZXRlcnM6CiAgICAgICAgLSBpbjogYm9keQogICAgICAgICAgbmFtZTogYm9keQogICAgICAgICAgcmVxdWlyZWQ6IHRydWUKICAgICAgICAgIHNjaGVtYToKICAgICAgICAgICAgdHlwZTogb2JqZWN0CiAgICAgICAgICAgIHByb3BlcnRpZXM6CiAgICAgICAgICAgICAgdHJhY2VJZDoKICAgICAgICAgICAgICAgIHR5cGU6IHN0cmluZwogICAgICAgICAgICAgIHNlc3Npb25JZDoKICAgICAgICAgICAgICAgIHR5cGU6IHN0cmluZwogICAgICAgICAgICAgIGxhbmd1YWdlQ29kZToKICAgICAgICAgICAgICAgIHR5cGU6IHN0cmluZwogICAgICByZXNwb25zZXM6CiAgICAgICAgMjAwOgogICAgICAgICAgZGVzY3JpcHRpb246IFN1Y2Nlc3NmdWwgcmVzcG9uc2UKICAvcmVjcXVlc3Rpb25zOgogICAgcG9zdDoKICAgICAgc3VtbWFyeTogUmVjb21tZW5kZWQgcXVlc3Rpb25zIGVuZHBvaW50CiAgICAgIG9wZXJhdGlvbklkOiByZWNxdWVzdGlvbnMKICAgICAgeC1nb29nbGUtYmFja2VuZDoKICAgICAgICBhZGRyZXNzOiBodHRwczovL3VzLWVhc3QxLXhpYWljZS1jbGFzcy1hc3Npc3RhbnQuY2xvdWRmdW5jdGlvbnMubmV0L3JlY3F1ZXN0aW9ucwogICAgICBwYXJhbWV0ZXJzOgogICAgICAgIC0gaW46IGJvZHkKICAgICAgICAgIG5hbWU6IGJvZHkKICAgICAgICAgIHJlcXVpcmVkOiB0cnVlCiAgICAgICAgICBzY2hlbWE6CiAgICAgICAgICAgIHR5cGU6IG9iamVjdAogICAgICAgICAgICBwcm9wZXJ0aWVzOgogICAgICAgICAgICAgIHRyYWNlSWQ6CiAgICAgICAgICAgICAgICB0eXBlOiBzdHJpbmcKICAgICAgICAgICAgICBsYW5ndWFnZUNvZGU6CiAgICAgICAgICAgICAgICB0eXBlOiBzdHJpbmcKICAgICAgcmVzcG9uc2VzOgogICAgICAgIDIwMDoKICAgICAgICAgIGRlc2NyaXB0aW9uOiBTdWNjZXNzZnVsIHJlc3BvbnNlCg==",
                    "path": "spec.yaml"
                  }
                ]
              }
            ],
            "project": "xiaice-class-assistant",
            "service_config_id": "terraform-20251112083411900300000001-00n1dye24qbw1",
            "terraform_labels": {
              "goog-terraform-provisioned": "true"
            },
            "timeouts": null
          },
          "sensitive_attributes": [],
          "identity_schema_version": 0,
          "private": "eyJlMmJmYjczMC1lY2FhLTExZTYtOGY4OC0zNDM2M2JjN2M0YzAiOnsiY3JlYXRlIjoxMjAwMDAwMDAwMDAwLCJkZWxldGUiOjEyMDAwMDAwMDAwMDAsInVwZGF0ZSI6MTIwMDAwMDAwMDAwMH19",
          "dependencies": [
            "data.archive_file.goodbyeFunction_archiveFile_B8C70E7D",
            "data.archive_file.recquestionsFunction_archiveFile_DEE13B1F",
            "data.archive_file.talkStreamFunction_archiveFile_6150954E",
            "data.archive_file.welcomeFunction_archiveFile_5BD55F0D",
            "data.google_billing_account.billing-account",
            "google_api_gateway_api.api-gateway_api_57BFA6D4",
            "google_cloudfunctions2_function.goodbyeFunction_cloud-function_A71D7E6F",
            "google_cloudfunctions2_function.recquestionsFunction_cloud-function_0881FF24",
            "google_cloudfunctions2_function.talkStreamFunction_cloud-function_07D62851",
            "google_cloudfunctions2_function.welcomeFunction_cloud-function_AC127BAF",
            "google_project.project",
            "google_project_iam_member.cloud-functions-artifact-registry-reader",
            "google_project_service.api-gateway_apigatewaygoogleapiscom_FD1382FA",
            "google_project_service.api-gateway_iamgoogleapiscom_136CC357",
            "google_project_service.api-gateway_servicecontrolgoogleapiscom_599B31D7",
            "google_project_service.api-gateway_servicemanagementgoogleapiscom_BCEB69C7",
            "google_project_service.cloud-function-deployment_apikeysgoogleapiscom_7DF57E08",
            "google_project_service.cloud-function-deployment_artifactregistrygoogleapiscom_BFA77002",
            "google_project_service.cloud-function-deployment_cloudbuildgoogleapiscom_9B74C6CA",
            "google_project_service.cloud-function-deployment_cloudfunctionsgoogleapiscom_C10A0153",
            "google_project_service.cloud-function-deployment_cloudresourcemanagergoogleapiscom_A5C5CC28",
            "google_project_service.cloud-function-deployment_eventarcgoogleapiscom_E6BF237D",
            "google_project_service.cloud-function-deployment_iamgoogleapiscom_7FA426A6",
            "google_project_service.cloud-function-deployment_logginggoogleapiscom_DEF6A65B",
            "google_project_service.cloud-function-deployment_rungoogleapiscom_6743F467",
            "google_project_service.cloud-function-deployment_secretmanagergoogleapiscom_1A7B8455",
            "google_project_service.cloud-function-deployment_storage-apigoogleapiscom_E96DBBDB",
            "google_project_service.cloud-function-deployment_storage-componentgoogleapiscom_645D3EB0",
            "google_service_account.talkStreamFunction_service-account_FB32F2E8",
            "google_storage_bucket.cloud-function-deployment_sourceBucket_7C4598A4",
            "google_storage_bucket_object.goodbyeFunction_storage-bucket-object_45E34E5D",
            "google_storage_bucket_object.recquestionsFunction_storage-bucket-object_0CD004D1",
            "google_storage_bucket_object.talkStreamFunction_storage-bucket-object_0B14C746",
            "google_storage_bucket_object.welcomeFunction_storage-bucket-object_FFCBF2E1",
            "random_string.cloud-function-deployment_bucketPrefix_E4600AAA"
          ],
          "create_before_destroy": true
        }
      ]
    },
    {
      "mode": "managed",
      "type": "google_api_gateway_gateway",
      "name": "api-gateway_85E4765B",
      "provider": "provider[\"registry.terraform.io/hashicorp/google-beta\"]",
      "instances": [
        {
          "schema_version": 0,
          "attributes": {
            "api_config": "projects/168744334429/locations/global/apis/xiaoiceapi/configs/terraform-20251112083411900300000001",
            "default_hostname": "gateway-25iq0pr1.ue.gateway.dev",
            "display_name": "xiaice-class-assistant-gateway",
            "effective_labels": {
              "goog-terraform-provisioned": "true"
            },
            "gateway_id": "gateway",
            "id": "projects/xiaice-class-assistant/locations/us-east1/gateways/gateway",
            "labels": {},
            "name": "projects/xiaice-class-assistant/locations/us-east1/gateways/gateway",
            "project": "xiaice-class-assistant",
            "region": null,
            "terraform_labels": {
              "goog-terraform-provisioned": "true"
            },
            "timeouts": null
          },
          "sensitive_attributes": [],
          "identity_schema_version": 0,
          "private": "eyJlMmJmYjczMC1lY2FhLTExZTYtOGY4OC0zNDM2M2JjN2M0YzAiOnsiY3JlYXRlIjoxMjAwMDAwMDAwMDAwLCJkZWxldGUiOjEyMDAwMDAwMDAwMDAsInVwZGF0ZSI6MTIwMDAwMDAwMDAwMH19",
          "dependencies": [
            "data.archive_file.goodbyeFunction_archiveFile_B8C70E7D",
            "data.archive_file.recquestionsFunction_archiveFile_DEE13B1F",
            "data.archive_file.talkStreamFunction_archiveFile_6150954E",
            "data.archive_file.welcomeFunction_archiveFile_5BD55F0D",
            "data.google_billing_account.billing-account",
            "google_api_gateway_api.api-gateway_api_57BFA6D4",
            "google_api_gateway_api_config.api-gateway_apiConfig_B6CA942D",
            "google_cloudfunctions2_function.goodbyeFunction_cloud-function_A71D7E6F",
            "google_cloudfunctions2_function.recquestionsFunction_cloud-function_0881FF24",
            "google_cloudfunctions2_function.talkStreamFunction_cloud-function_07D62851",
            "google_cloudfunctions2_function.welcomeFunction_cloud-function_AC127BAF",
            "google_project.project",
            "google_project_iam_member.cloud-functions-artifact-registry-reader",
            "google_project_service.api-gateway_apigatewaygoogleapiscom_FD1382FA",
            "google_project_service.api-gateway_iamgoogleapiscom_136CC357",
            "google_project_service.api-gateway_servicecontrolgoogleapiscom_599B31D7",
            "google_project_service.api-gateway_servicemanagementgoogleapiscom_BCEB69C7",
            "google_project_service.cloud-function-deployment_apikeysgoogleapiscom_7DF57E08",
            "google_project_service.cloud-function-deployment_artifactregistrygoogleapiscom_BFA77002",
            "google_project_service.cloud-function-deployment_cloudbuildgoogleapiscom_9B74C6CA",
            "google_project_service.cloud-function-deployment_cloudfunctionsgoogleapiscom_C10A0153",
            "google_project_service.cloud-function-deployment_cloudresourcemanagergoogleapiscom_A5C5CC28",
            "google_project_service.cloud-function-deployment_eventarcgoogleapiscom_E6BF237D",
            "google_project_service.cloud-function-deployment_iamgoogleapiscom_7FA426A6",
            "google_project_service.cloud-function-deployment_logginggoogleapiscom_DEF6A65B",
            "google_project_service.cloud-function-deployment_rungoogleapiscom_6743F467",
            "google_project_service.cloud-function-deployment_secretmanagergoogleapiscom_1A7B8455",
            "google_project_service.cloud-function-deployment_storage-apigoogleapiscom_E96DBBDB",
            "google_project_service.cloud-function-deployment_storage-componentgoogleapiscom_645D3EB0",
            "google_service_account.talkStreamFunction_service-account_FB32F2E8",
            "google_storage_bucket.cloud-function-deployment_sourceBucket_7C4598A4",
            "google_storage_bucket_object.goodbyeFunction_storage-bucket-object_45E34E5D",
            "google_storage_bucket_object.recquestionsFunction_storage-bucket-object_0CD004D1",
            "google_storage_bucket_object.talkStreamFunction_storage-bucket-object_0B14C746",
            "google_storage_bucket_object.welcomeFunction_storage-bucket-object_FFCBF2E1",
            "random_string.cloud-function-deployment_bucketPrefix_E4600AAA"
          ]
        }
      ]
    },
    {
      "mode": "managed",
      "type": "google_app_engine_application",
      "name": "cloud-function-deployment_app-engine-application_583671EA",
      "provider": "provider[\"registry.terraform.io/hashicorp/google\"]",
      "instances": [
        {
          "schema_version": 0,
          "attributes": {
            "app_id": "xiaice-class-assistant",
            "auth_domain": "gmail.com",
            "code_bucket": "staging.xiaice-class-assistant.appspot.com",
            "database_type": "CLOUD_DATASTORE_COMPATIBILITY",
            "default_bucket": "xiaice-class-assistant.appspot.com",
            "default_hostname": "xiaice-class-assistant.ue.r.appspot.com",
            "feature_settings": [
              {
                "split_health_checks": true
              }
            ],
            "gcr_domain": "us.gcr.io",
            "iap": [],
            "id": "xiaice-class-assistant",
            "location_id": "us-east1",
            "name": "apps/xiaice-class-assistant",
            "project": "xiaice-class-assistant",
            "serving_status": "SERVING",
            "ssl_policy": "DEFAULT",
            "timeouts": null,
            "url_dispatch_rule": []
          },
          "sensitive_attributes": [],
          "identity_schema_version": 0,
          "private": "eyJlMmJmYjczMC1lY2FhLTExZTYtOGY4OC0zNDM2M2JjN2M0YzAiOnsiY3JlYXRlIjoyNDAwMDAwMDAwMDAsInVwZGF0ZSI6MjQwMDAwMDAwMDAwfX0=",
          "dependencies": [
            "data.google_billing_account.billing-account",
            "google_project.project",
            "google_project_service.cloud-function-deployment_apikeysgoogleapiscom_7DF57E08",
            "google_project_service.cloud-function-deployment_artifactregistrygoogleapiscom_BFA77002",
            "google_project_service.cloud-function-deployment_cloudbuildgoogleapiscom_9B74C6CA",
            "google_project_service.cloud-function-deployment_cloudfunctionsgoogleapiscom_C10A0153",
            "google_project_service.cloud-function-deployment_cloudresourcemanagergoogleapiscom_A5C5CC28",
            "google_project_service.cloud-function-deployment_eventarcgoogleapiscom_E6BF237D",
            "google_project_service.cloud-function-deployment_iamgoogleapiscom_7FA426A6",
            "google_project_service.cloud-function-deployment_logginggoogleapiscom_DEF6A65B",
            "google_project_service.cloud-function-deployment_rungoogleapiscom_6743F467",
            "google_project_service.cloud-function-deployment_secretmanagergoogleapiscom_1A7B8455",
            "google_project_service.cloud-function-deployment_storage-apigoogleapiscom_E96DBBDB",
            "google_project_service.cloud-function-deployment_storage-componentgoogleapiscom_645D3EB0"
          ]
        }
      ]
    },
    {
      "mode": "managed",
      "type": "google_cloud_run_service_iam_binding",
      "name": "goodbyeFunction_cloud-run-service-iam-binding_D1E3B531",
      "provider": "provider[\"registry.terraform.io/hashicorp/google\"]",
      "instances": [
        {
          "schema_version": 0,
          "attributes": {
            "condition": [],
            "etag": "BwZDYaByQzI=",
            "id": "v1/projects/xiaice-class-assistant/locations/us-east1/services/goodbye/roles/run.invoker",
            "location": "us-east1",
            "members": [
              "serviceAccount:talk-streamtalkstream@xiaice-class-assistant.iam.gserviceaccount.com"
            ],
            "project": "xiaice-class-assistant",
            "role": "roles/run.invoker",
            "service": "v1/projects/xiaice-class-assistant/locations/us-east1/services/goodbye"
          },
          "sensitive_attributes": [],
          "identity_schema_version": 0,
          "private": "bnVsbA==",
          "dependencies": [
            "data.archive_file.goodbyeFunction_archiveFile_B8C70E7D",
            "data.google_billing_account.billing-account",
            "google_cloudfunctions2_function.goodbyeFunction_cloud-function_A71D7E6F",
            "google_project.project",
            "google_project_iam_member.cloud-functions-artifact-registry-reader",
            "google_project_service.cloud-function-deployment_apikeysgoogleapiscom_7DF57E08",
            "google_project_service.cloud-function-deployment_artifactregistrygoogleapiscom_BFA77002",
            "google_project_service.cloud-function-deployment_cloudbuildgoogleapiscom_9B74C6CA",
            "google_project_service.cloud-function-deployment_cloudfunctionsgoogleapiscom_C10A0153",
            "google_project_service.cloud-function-deployment_cloudresourcemanagergoogleapiscom_A5C5CC28",
            "google_project_service.cloud-function-deployment_eventarcgoogleapiscom_E6BF237D",
            "google_project_service.cloud-function-deployment_iamgoogleapiscom_7FA426A6",
            "google_project_service.cloud-function-deployment_logginggoogleapiscom_DEF6A65B",
            "google_project_service.cloud-function-deployment_rungoogleapiscom_6743F467",
            "google_project_service.cloud-function-deployment_secretmanagergoogleapiscom_1A7B8455",
            "google_project_service.cloud-function-deployment_storage-apigoogleapiscom_E96DBBDB",
            "google_project_service.cloud-function-deployment_storage-componentgoogleapiscom_645D3EB0",
            "google_service_account.talkStreamFunction_service-account_FB32F2E8",
            "google_storage_bucket.cloud-function-deployment_sourceBucket_7C4598A4",
            "google_storage_bucket_object.goodbyeFunction_storage-bucket-object_45E34E5D",
            "random_string.cloud-function-deployment_bucketPrefix_E4600AAA"
          ]
        }
      ]
    },
    {
      "mode": "managed",
      "type": "google_cloud_run_service_iam_binding",
      "name": "recquestionsFunction_cloud-run-service-iam-binding_209CE80A",
      "provider": "provider[\"registry.terraform.io/hashicorp/google\"]",
      "instances": [
        {
          "schema_version": 0,
          "attributes": {
            "condition": [],
            "etag": "BwZDYaEIWzY=",
            "id": "v1/projects/xiaice-class-assistant/locations/us-east1/services/recquestions/roles/run.invoker",
            "location": "us-east1",
            "members": [
              "serviceAccount:talk-streamtalkstream@xiaice-class-assistant.iam.gserviceaccount.com"
            ],
            "project": "xiaice-class-assistant",
            "role": "roles/run.invoker",
            "service": "v1/projects/xiaice-class-assistant/locations/us-east1/services/recquestions"
          },
          "sensitive_attributes": [],
          "identity_schema_version": 0,
          "private": "bnVsbA==",
          "dependencies": [
            "data.archive_file.recquestionsFunction_archiveFile_DEE13B1F",
            "data.google_billing_account.billing-account",
            "google_cloudfunctions2_function.recquestionsFunction_cloud-function_0881FF24",
            "google_project.project",
            "google_project_iam_member.cloud-functions-artifact-registry-reader",
            "google_project_service.cloud-function-deployment_apikeysgoogleapiscom_7DF57E08",
            "google_project_service.cloud-function-deployment_artifactregistrygoogleapiscom_BFA77002",
            "google_project_service.cloud-function-deployment_cloudbuildgoogleapiscom_9B74C6CA",
            "google_project_service.cloud-function-deployment_cloudfunctionsgoogleapiscom_C10A0153",
            "google_project_service.cloud-function-deployment_cloudresourcemanagergoogleapiscom_A5C5CC28",
            "google_project_service.cloud-function-deployment_eventarcgoogleapiscom_E6BF237D",
            "google_project_service.cloud-function-deployment_iamgoogleapiscom_7FA426A6",
            "google_project_service.cloud-function-deployment_logginggoogleapiscom_DEF6A65B",
            "google_project_service.cloud-function-deployment_rungoogleapiscom_6743F467",
            "google_project_service.cloud-function-deployment_secretmanagergoogleapiscom_1A7B8455",
            "google_project_service.cloud-function-deployment_storage-apigoogleapiscom_E96DBBDB",
            "google_project_service.cloud-function-deployment_storage-componentgoogleapiscom_645D3EB0",
            "google_service_account.talkStreamFunction_service-account_FB32F2E8",
            "google_storage_bucket.cloud-function-deployment_sourceBucket_7C4598A4",
            "google_storage_bucket_object.recquestionsFunction_storage-bucket-object_0CD004D1",
            "random_string.cloud-function-deployment_bucketPrefix_E4600AAA"
          ]
        }
      ]
    },
    {
      "mode": "managed",
      "type": "google_cloud_run_service_iam_binding",
      "name": "talkStreamFunction_cloud-run-service-iam-binding_2EBD4C9F",
      "provider": "provider[\"registry.terraform.io/hashicorp/google\"]",
      "instances": [
        {
          "schema_version": 0,
          "attributes": {
            "condition": [],
            "etag": "BwZDYaCANpE=",
            "id": "v1/projects/xiaice-class-assistant/locations/us-east1/services/talk-stream/roles/run.invoker",
            "location": "us-east1",
            "members": [
              "serviceAccount:talk-streamtalkstream@xiaice-class-assistant.iam.gserviceaccount.com"
            ],
            "project": "xiaice-class-assistant",
            "role": "roles/run.invoker",
            "service": "v1/projects/xiaice-class-assistant/locations/us-east1/services/talk-stream"
          },
          "sensitive_attributes": [],
          "identity_schema_version": 0,
          "private": "bnVsbA==",
          "dependencies": [
            "data.archive_file.talkStreamFunction_archiveFile_6150954E",
            "data.google_billing_account.billing-account",
            "google_cloudfunctions2_function.talkStreamFunction_cloud-function_07D62851",
            "google_project.project",
            "google_project_iam_member.cloud-functions-artifact-registry-reader",
            "google_project_service.cloud-function-deployment_apikeysgoogleapiscom_7DF57E08",
            "google_project_service.cloud-function-deployment_artifactregistrygoogleapiscom_BFA77002",
            "google_project_service.cloud-function-deployment_cloudbuildgoogleapiscom_9B74C6CA",
            "google_project_service.cloud-function-deployment_cloudfunctionsgoogleapiscom_C10A0153",
            "google_project_service.cloud-function-deployment_cloudresourcemanagergoogleapiscom_A5C5CC28",
            "google_project_service.cloud-function-deployment_eventarcgoogleapiscom_E6BF237D",
            "google_project_service.cloud-function-deployment_iamgoogleapiscom_7FA426A6",
            "google_project_service.cloud-function-deployment_logginggoogleapiscom_DEF6A65B",
            "google_project_service.cloud-function-deployment_rungoogleapiscom_6743F467",
            "google_project_service.cloud-function-deployment_secretmanagergoogleapiscom_1A7B8455",
            "google_project_service.cloud-function-deployment_storage-apigoogleapiscom_E96DBBDB",
            "google_project_service.cloud-function-deployment_storage-componentgoogleapiscom_645D3EB0",
            "google_service_account.talkStreamFunction_service-account_FB32F2E8",
            "google_storage_bucket.cloud-function-deployment_sourceBucket_7C4598A4",
            "google_storage_bucket_object.talkStreamFunction_storage-bucket-object_0B14C746",
            "random_string.cloud-function-deployment_bucketPrefix_E4600AAA"
          ]
        }
      ]
    },
    {
      "mode": "managed",
      "type": "google_cloud_run_service_iam_binding",
      "name": "welcomeFunction_cloud-run-service-iam-binding_1C50989B",
      "provider": "provider[\"registry.terraform.io/hashicorp/google\"]",
      "instances": [
        {
          "schema_version": 0,
          "attributes": {
            "condition": [],
            "etag": "BwZDYXv1fDY=",
            "id": "v1/projects/xiaice-class-assistant/locations/us-east1/services/welcome/roles/run.invoker",
            "location": "us-east1",
            "members": [
              "serviceAccount:talk-streamtalkstream@xiaice-class-assistant.iam.gserviceaccount.com"
            ],
            "project": "xiaice-class-assistant",
            "role": "roles/run.invoker",
            "service": "v1/projects/xiaice-class-assistant/locations/us-east1/services/welcome"
          },
          "sensitive_attributes": [],
          "identity_schema_version": 0,
          "private": "bnVsbA==",
          "dependencies": [
            "data.archive_file.welcomeFunction_archiveFile_5BD55F0D",
            "data.google_billing_account.billing-account",
            "google_cloudfunctions2_function.welcomeFunction_cloud-function_AC127BAF",
            "google_project.project",
            "google_project_iam_member.cloud-functions-artifact-registry-reader",
            "google_project_service.cloud-function-deployment_apikeysgoogleapiscom_7DF57E08",
            "google_project_service.cloud-function-deployment_artifactregistrygoogleapiscom_BFA77002",
            "google_project_service.cloud-function-deployment_cloudbuildgoogleapiscom_9B74C6CA",
            "google_project_service.cloud-function-deployment_cloudfunctionsgoogleapiscom_C10A0153",
            "google_project_service.cloud-function-deployment_cloudresourcemanagergoogleapiscom_A5C5CC28",
            "google_project_service.cloud-function-deployment_eventarcgoogleapiscom_E6BF237D",
            "google_project_service.cloud-function-deployment_iamgoogleapiscom_7FA426A6",
            "google_project_service.cloud-function-deployment_logginggoogleapiscom_DEF6A65B",
            "google_project_service.cloud-function-deployment_rungoogleapiscom_6743F467",
            "google_project_service.cloud-function-deployment_secretmanagergoogleapiscom_1A7B8455",
            "google_project_service.cloud-function-deployment_storage-apigoogleapiscom_E96DBBDB",
            "google_project_service.cloud-function-deployment_storage-componentgoogleapiscom_645D3EB0",
            "google_service_account.talkStreamFunction_service-account_FB32F2E8",
            "google_storage_bucket.cloud-function-deployment_sourceBucket_7C4598A4",
            "google_storage_bucket_object.welcomeFunction_storage-bucket-object_FFCBF2E1",
            "random_string.cloud-function-deployment_bucketPrefix_E4600AAA"
          ]
        }
      ]
    },
    {
      "mode": "managed",
      "type": "google_cloudfunctions2_function",
      "name": "goodbyeFunction_cloud-function_A71D7E6F",
      "provider": "provider[\"registry.terraform.io/hashicorp/google\"]",
      "instances": [
        {
          "schema_version": 0,
          "attributes": {
            "build_config": [
              {
                "automatic_update_policy": [
                  {}
                ],
                "build": "projects/168744334429/locations/us-east1/builds/a0e51264-60b4-401c-89d6-9f515b9fa2f8",
                "docker_repository": "projects/xiaice-class-assistant/locations/us-east1/repositories/gcf-artifacts",
                "entry_point": "goodbye",
                "environment_variables": {},
                "on_deploy_update_policy": [],
                "runtime": "python311",
                "service_account": "projects/xiaice-class-assistant/serviceAccounts/168744334429-compute@developer.gserviceaccount.com",
                "source": [
                  {
                    "repo_source": [],
                    "storage_source": [
                      {
                        "bucket": "source39o2h5889",
                        "generation": 1762935228414299,
                        "object": "function-source-tSxvo78TCbIA0Kgxcg7FmReRFgY=.zip"
                      }
                    ]
                  }
                ],
                "worker_pool": ""
              }
            ],
            "description": "",
            "effective_labels": {
              "goog-terraform-provisioned": "true"
            },
            "environment": "GEN_2",
            "event_trigger": [],
            "id": "projects/xiaice-class-assistant/locations/us-east1/functions/goodbye",
            "kms_key_name": "",
            "labels": {},
            "location": "us-east1",
            "name": "goodbye",
            "project": "xiaice-class-assistant",
            "service_config": [
              {
                "all_traffic_on_latest_revision": true,
                "available_cpu": "0.1666",
                "available_memory": "256Mi",
                "binary_authorization_policy": "",
                "environment_variables": {
                  "LOG_EXECUTION_ID": "true"
                },
                "gcf_uri": "",
                "ingress_settings": "ALLOW_ALL",
                "max_instance_count": 100,
                "max_instance_request_concurrency": 1,
                "min_instance_count": 0,
                "secret_environment_variables": [],
                "secret_volumes": [],
                "service": "projects/xiaice-class-assistant/locations/us-east1/services/goodbye",
                "service_account_email": "talk-streamtalkstream@xiaice-class-assistant.iam.gserviceaccount.com",
                "timeout_seconds": 60,
                "uri": "https://goodbye-5eghqqexpa-ue.a.run.app",
                "vpc_connector": "",
                "vpc_connector_egress_settings": ""
              }
            ],
            "state": "ACTIVE",
            "terraform_labels": {
              "goog-terraform-provisioned": "true"
            },
            "timeouts": null,
            "update_time": "2025-11-12T08:34:02.802078494Z",
            "url": "https://us-east1-xiaice-class-assistant.cloudfunctions.net/goodbye"
          },
          "sensitive_attributes": [],
          "identity_schema_version": 0,
          "private": "eyJlMmJmYjczMC1lY2FhLTExZTYtOGY4OC0zNDM2M2JjN2M0YzAiOnsiY3JlYXRlIjozNjAwMDAwMDAwMDAwLCJkZWxldGUiOjM2MDAwMDAwMDAwMDAsInVwZGF0ZSI6MzYwMDAwMDAwMDAwMH19",
          "dependencies": [
            "data.archive_file.goodbyeFunction_archiveFile_B8C70E7D",
            "data.google_billing_account.billing-account",
            "google_project.project",
            "google_project_iam_member.cloud-functions-artifact-registry-reader",
            "google_project_service.cloud-function-deployment_apikeysgoogleapiscom_7DF57E08",
            "google_project_service.cloud-function-deployment_artifactregistrygoogleapiscom_BFA77002",
            "google_project_service.cloud-function-deployment_cloudbuildgoogleapiscom_9B74C6CA",
            "google_project_service.cloud-function-deployment_cloudfunctionsgoogleapiscom_C10A0153",
            "google_project_service.cloud-function-deployment_cloudresourcemanagergoogleapiscom_A5C5CC28",
            "google_project_service.cloud-function-deployment_eventarcgoogleapiscom_E6BF237D",
            "google_project_service.cloud-function-deployment_iamgoogleapiscom_7FA426A6",
            "google_project_service.cloud-function-deployment_logginggoogleapiscom_DEF6A65B",
            "google_project_service.cloud-function-deployment_rungoogleapiscom_6743F467",
            "google_project_service.cloud-function-deployment_secretmanagergoogleapiscom_1A7B8455",
            "google_project_service.cloud-function-deployment_storage-apigoogleapiscom_E96DBBDB",
            "google_project_service.cloud-function-deployment_storage-componentgoogleapiscom_645D3EB0",
            "google_service_account.talkStreamFunction_service-account_FB32F2E8",
            "google_storage_bucket.cloud-function-deployment_sourceBucket_7C4598A4",
            "google_storage_bucket_object.goodbyeFunction_storage-bucket-object_45E34E5D",
            "random_string.cloud-function-deployment_bucketPrefix_E4600AAA"
          ],
          "create_before_destroy": true
        }
      ]
    },
    {
      "mode": "managed",
      "type": "google_cloudfunctions2_function",
      "name": "recquestionsFunction_cloud-function_0881FF24",
      "provider": "provider[\"registry.terraform.io/hashicorp/google\"]",
      "instances": [
        {
          "schema_version": 0,
          "attributes": {
            "build_config": [
              {
                "automatic_update_policy": [
                  {}
                ],
                "build": "projects/168744334429/locations/us-east1/builds/7a014391-317b-4ef1-804d-eed440638051",
                "docker_repository": "projects/xiaice-class-assistant/locations/us-east1/repositories/gcf-artifacts",
                "entry_point": "recquestions",
                "environment_variables": {},
                "on_deploy_update_policy": [],
                "runtime": "python311",
                "service_account": "projects/xiaice-class-assistant/serviceAccounts/168744334429-compute@developer.gserviceaccount.com",
                "source": [
                  {
                    "repo_source": [],
                    "storage_source": [
                      {
                        "bucket": "source39o2h5889",
                        "generation": 1762935231615368,
                        "object": "function-source-uNNsmU8gO6WuzV47aqYVtZ0KhUw=.zip"
                      }
                    ]
                  }
                ],
                "worker_pool": ""
              }
            ],
            "description": "",
            "effective_labels": {
              "goog-terraform-provisioned": "true"
            },
            "environment": "GEN_2",
            "event_trigger": [],
            "id": "projects/xiaice-class-assistant/locations/us-east1/functions/recquestions",
            "kms_key_name": "",
            "labels": {},
            "location": "us-east1",
            "name": "recquestions",
            "project": "xiaice-class-assistant",
            "service_config": [
              {
                "all_traffic_on_latest_revision": true,
                "available_cpu": "0.1666",
                "available_memory": "256Mi",
                "binary_authorization_policy": "",
                "environment_variables": {
                  "LOG_EXECUTION_ID": "true"
                },
                "gcf_uri": "",
                "ingress_settings": "ALLOW_ALL",
                "max_instance_count": 100,
                "max_instance_request_concurrency": 1,
                "min_instance_count": 0,
                "secret_environment_variables": [],
                "secret_volumes": [],
                "service": "projects/xiaice-class-assistant/locations/us-east1/services/recquestions",
                "service_account_email": "talk-streamtalkstream@xiaice-class-assistant.iam.gserviceaccount.com",
                "timeout_seconds": 60,
                "uri": "https://recquestions-5eghqqexpa-ue.a.run.app",
                "vpc_connector": "",
                "vpc_connector_egress_settings": ""
              }
            ],
            "state": "ACTIVE",
            "terraform_labels": {
              "goog-terraform-provisioned": "true"
            },
            "timeouts": null,
            "update_time": "2025-11-12T08:34:13.748615837Z",
            "url": "https://us-east1-xiaice-class-assistant.cloudfunctions.net/recquestions"
          },
          "sensitive_attributes": [],
          "identity_schema_version": 0,
          "private": "eyJlMmJmYjczMC1lY2FhLTExZTYtOGY4OC0zNDM2M2JjN2M0YzAiOnsiY3JlYXRlIjozNjAwMDAwMDAwMDAwLCJkZWxldGUiOjM2MDAwMDAwMDAwMDAsInVwZGF0ZSI6MzYwMDAwMDAwMDAwMH19",
          "dependencies": [
            "data.archive_file.recquestionsFunction_archiveFile_DEE13B1F",
            "data.google_billing_account.billing-account",
            "google_project.project",
            "google_project_iam_member.cloud-functions-artifact-registry-reader",
            "google_project_service.cloud-function-deployment_apikeysgoogleapiscom_7DF57E08",
            "google_project_service.cloud-function-deployment_artifactregistrygoogleapiscom_BFA77002",
            "google_project_service.cloud-function-deployment_cloudbuildgoogleapiscom_9B74C6CA",
            "google_project_service.cloud-function-deployment_cloudfunctionsgoogleapiscom_C10A0153",
            "google_project_service.cloud-function-deployment_cloudresourcemanagergoogleapiscom_A5C5CC28",
            "google_project_service.cloud-function-deployment_eventarcgoogleapiscom_E6BF237D",
            "google_project_service.cloud-function-deployment_iamgoogleapiscom_7FA426A6",
            "google_project_service.cloud-function-deployment_logginggoogleapiscom_DEF6A65B",
            "google_project_service.cloud-function-deployment_rungoogleapiscom_6743F467",
            "google_project_service.cloud-function-deployment_secretmanagergoogleapiscom_1A7B8455",
            "google_project_service.cloud-function-deployment_storage-apigoogleapiscom_E96DBBDB",
            "google_project_service.cloud-function-deployment_storage-componentgoogleapiscom_645D3EB0",
            "google_service_account.talkStreamFunction_service-account_FB32F2E8",
            "google_storage_bucket.cloud-function-deployment_sourceBucket_7C4598A4",
            "google_storage_bucket_object.recquestionsFunction_storage-bucket-object_0CD004D1",
            "random_string.cloud-function-deployment_bucketPrefix_E4600AAA"
          ],
          "create_before_destroy": true
        }
      ]
    },
    {
      "mode": "managed",
      "type": "google_cloudfunctions2_function",
      "name": "talkStreamFunction_cloud-function_07D62851",
      "provider": "provider[\"registry.terraform.io/hashicorp/google\"]",
      "instances": [
        {
          "schema_version": 0,
          "attributes": {
            "build_config": [
              {
                "automatic_update_policy": [
                  {}
                ],
                "build": "projects/168744334429/locations/us-east1/builds/0dc0fdf5-b715-41ed-9d5d-b541020ca053",
                "docker_repository": "projects/xiaice-class-assistant/locations/us-east1/repositories/gcf-artifacts",
                "entry_point": "talk_stream",
                "environment_variables": {},
                "on_deploy_update_policy": [],
                "runtime": "python311",
                "service_account": "projects/xiaice-class-assistant/serviceAccounts/168744334429-compute@developer.gserviceaccount.com",
                "source": [
                  {
                    "repo_source": [],
                    "storage_source": [
                      {
                        "bucket": "source39o2h5889",
                        "generation": 1762935228414911,
                        "object": "function-source-DSWT19AK2XbeC+cgE+oOxDIqUkk=.zip"
                      }
                    ]
                  }
                ],
                "worker_pool": ""
              }
            ],
            "description": "",
            "effective_labels": {
              "goog-terraform-provisioned": "true"
            },
            "environment": "GEN_2",
            "event_trigger": [],
            "id": "projects/xiaice-class-assistant/locations/us-east1/functions/talk-stream",
            "kms_key_name": "",
            "labels": {},
            "location": "us-east1",
            "name": "talk-stream",
            "project": "xiaice-class-assistant",
            "service_config": [
              {
                "all_traffic_on_latest_revision": true,
                "available_cpu": "0.3333",
                "available_memory": "512Mi",
                "binary_authorization_policy": "",
                "environment_variables": {
                  "LOG_EXECUTION_ID": "true"
                },
                "gcf_uri": "",
                "ingress_settings": "ALLOW_ALL",
                "max_instance_count": 100,
                "max_instance_request_concurrency": 1,
                "min_instance_count": 0,
                "secret_environment_variables": [],
                "secret_volumes": [],
                "service": "projects/xiaice-class-assistant/locations/us-east1/services/talk-stream",
                "service_account_email": "talk-streamtalkstream@xiaice-class-assistant.iam.gserviceaccount.com",
                "timeout_seconds": 600,
                "uri": "https://talk-stream-5eghqqexpa-ue.a.run.app",
                "vpc_connector": "",
                "vpc_connector_egress_settings": ""
              }
            ],
            "state": "ACTIVE",
            "terraform_labels": {
              "goog-terraform-provisioned": "true"
            },
            "timeouts": null,
            "update_time": "2025-11-12T08:34:03.954378223Z",
            "url": "https://us-east1-xiaice-class-assistant.cloudfunctions.net/talk-stream"
          },
          "sensitive_attributes": [],
          "identity_schema_version": 0,
          "private": "eyJlMmJmYjczMC1lY2FhLTExZTYtOGY4OC0zNDM2M2JjN2M0YzAiOnsiY3JlYXRlIjozNjAwMDAwMDAwMDAwLCJkZWxldGUiOjM2MDAwMDAwMDAwMDAsInVwZGF0ZSI6MzYwMDAwMDAwMDAwMH19",
          "dependencies": [
            "data.archive_file.talkStreamFunction_archiveFile_6150954E",
            "data.google_billing_account.billing-account",
            "google_project.project",
            "google_project_iam_member.cloud-functions-artifact-registry-reader",
            "google_project_service.cloud-function-deployment_apikeysgoogleapiscom_7DF57E08",
            "google_project_service.cloud-function-deployment_artifactregistrygoogleapiscom_BFA77002",
            "google_project_service.cloud-function-deployment_cloudbuildgoogleapiscom_9B74C6CA",
            "google_project_service.cloud-function-deployment_cloudfunctionsgoogleapiscom_C10A0153",
            "google_project_service.cloud-function-deployment_cloudresourcemanagergoogleapiscom_A5C5CC28",
            "google_project_service.cloud-function-deployment_eventarcgoogleapiscom_E6BF237D",
            "google_project_service.cloud-function-deployment_iamgoogleapiscom_7FA426A6",
            "google_project_service.cloud-function-deployment_logginggoogleapiscom_DEF6A65B",
            "google_project_service.cloud-function-deployment_rungoogleapiscom_6743F467",
            "google_project_service.cloud-function-deployment_secretmanagergoogleapiscom_1A7B8455",
            "google_project_service.cloud-function-deployment_storage-apigoogleapiscom_E96DBBDB",
            "google_project_service.cloud-function-deployment_storage-componentgoogleapiscom_645D3EB0",
            "google_service_account.talkStreamFunction_service-account_FB32F2E8",
            "google_storage_bucket.cloud-function-deployment_sourceBucket_7C4598A4",
            "google_storage_bucket_object.talkStreamFunction_storage-bucket-object_0B14C746",
            "random_string.cloud-function-deployment_bucketPrefix_E4600AAA"
          ],
          "create_before_destroy": true
        }
      ]
    },
    {
      "mode": "managed",
      "type": "google_cloudfunctions2_function",
      "name": "welcomeFunction_cloud-function_AC127BAF",
      "provider": "provider[\"registry.terraform.io/hashicorp/google\"]",
      "instances": [
        {
          "schema_version": 0,
          "attributes": {
            "build_config": [
              {
                "automatic_update_policy": [
                  {}
                ],
                "build": "projects/168744334429/locations/us-east1/builds/4a5ef3ca-8482-4804-9648-5e2a58f15e7f",
                "docker_repository": "projects/xiaice-class-assistant/locations/us-east1/repositories/gcf-artifacts",
                "entry_point": "welcome",
                "environment_variables": {},
                "on_deploy_update_policy": [],
                "runtime": "python311",
                "service_account": "projects/xiaice-class-assistant/serviceAccounts/168744334429-compute@developer.gserviceaccount.com",
                "source": [
                  {
                    "repo_source": [],
                    "storage_source": [
                      {
                        "bucket": "source39o2h5889",
                        "generation": 1762935781662032,
                        "object": "function-source-mlCAnNQ9/LJVJayYUi7KUxH/CQQ=.zip"
                      }
                    ]
                  }
                ],
                "worker_pool": ""
              }
            ],
            "description": "",
            "effective_labels": {
              "goog-terraform-provisioned": "true"
            },
            "environment": "GEN_2",
            "event_trigger": [],
            "id": "projects/xiaice-class-assistant/locations/us-east1/functions/welcome",
            "kms_key_name": "",
            "labels": {},
            "location": "us-east1",
            "name": "welcome",
            "project": "xiaice-class-assistant",
            "service_config": [
              {
                "all_traffic_on_latest_revision": true,
                "available_cpu": "0.1666",
                "available_memory": "256Mi",
                "binary_authorization_policy": "",
                "environment_variables": {
                  "LOG_EXECUTION_ID": "true"
                },
                "gcf_uri": "",
                "ingress_settings": "ALLOW_ALL",
                "max_instance_count": 100,
                "max_instance_request_concurrency": 1,
                "min_instance_count": 0,
                "secret_environment_variables": [],
                "secret_volumes": [],
                "service": "projects/xiaice-class-assistant/locations/us-east1/services/welcome",
                "service_account_email": "talk-streamtalkstream@xiaice-class-assistant.iam.gserviceaccount.com",
                "timeout_seconds": 60,
                "uri": "https://welcome-5eghqqexpa-ue.a.run.app",
                "vpc_connector": "",
                "vpc_connector_egress_settings": ""
              }
            ],
            "state": "ACTIVE",
            "terraform_labels": {
              "goog-terraform-provisioned": "true"
            },
            "timeouts": null,
            "update_time": "2025-11-12T08:23:50.657495719Z",
            "url": "https://us-east1-xiaice-class-assistant.cloudfunctions.net/welcome"
          },
          "sensitive_attributes": [],
          "identity_schema_version": 0,
          "private": "eyJlMmJmYjczMC1lY2FhLTExZTYtOGY4OC0zNDM2M2JjN2M0YzAiOnsiY3JlYXRlIjozNjAwMDAwMDAwMDAwLCJkZWxldGUiOjM2MDAwMDAwMDAwMDAsInVwZGF0ZSI6MzYwMDAwMDAwMDAwMH19",
          "dependencies": [
            "data.archive_file.welcomeFunction_archiveFile_5BD55F0D",
            "data.google_billing_account.billing-account",
            "google_project.project",
            "google_project_iam_member.cloud-functions-artifact-registry-reader",
            "google_project_service.cloud-function-deployment_apikeysgoogleapiscom_7DF57E08",
            "google_project_service.cloud-function-deployment_artifactregistrygoogleapiscom_BFA77002",
            "google_project_service.cloud-function-deployment_cloudbuildgoogleapiscom_9B74C6CA",
            "google_project_service.cloud-function-deployment_cloudfunctionsgoogleapiscom_C10A0153",
            "google_project_service.cloud-function-deployment_cloudresourcemanagergoogleapiscom_A5C5CC28",
            "google_project_service.cloud-function-deployment_eventarcgoogleapiscom_E6BF237D",
            "google_project_service.cloud-function-deployment_iamgoogleapiscom_7FA426A6",
            "google_project_service.cloud-function-deployment_logginggoogleapiscom_DEF6A65B",
            "google_project_service.cloud-function-deployment_rungoogleapiscom_6743F467",
            "google_project_service.cloud-function-deployment_secretmanagergoogleapiscom_1A7B8455",
            "google_project_service.cloud-function-deployment_storage-apigoogleapiscom_E96DBBDB",
            "google_project_service.cloud-function-deployment_storage-componentgoogleapiscom_645D3EB0",
            "google_service_account.talkStreamFunction_service-account_FB32F2E8",
            "google_storage_bucket.cloud-function-deployment_sourceBucket_7C4598A4",
            "google_storage_bucket_object.welcomeFunction_storage-bucket-object_FFCBF2E1",
            "random_string.cloud-function-deployment_bucketPrefix_E4600AAA"
          ],
          "create_before_destroy": true
        }
      ]
    },
    {
      "mode": "managed",
      "type": "google_cloudfunctions2_function_iam_binding",
      "name": "goodbyeFunction_cloudfunctions2-function-iam-member_C4176025",
      "provider": "provider[\"registry.terraform.io/hashicorp/google\"]",
      "instances": [
        {
          "schema_version": 0,
          "attributes": {
            "cloud_function": "projects/xiaice-class-assistant/locations/us-east1/functions/goodbye",
            "condition": [],
            "etag": "BwZDYaBuzvo=",
            "id": "projects/xiaice-class-assistant/locations/us-east1/functions/goodbye/roles/cloudfunctions.invoker",
            "location": "us-east1",
            "members": [
              "serviceAccount:talk-streamtalkstream@xiaice-class-assistant.iam.gserviceaccount.com"
            ],
            "project": "xiaice-class-assistant",
            "role": "roles/cloudfunctions.invoker"
          },
          "sensitive_attributes": [],
          "identity_schema_version": 0,
          "private": "bnVsbA==",
          "dependencies": [
            "data.archive_file.goodbyeFunction_archiveFile_B8C70E7D",
            "data.google_billing_account.billing-account",
            "google_cloudfunctions2_function.goodbyeFunction_cloud-function_A71D7E6F",
            "google_project.project",
            "google_project_iam_member.cloud-functions-artifact-registry-reader",
            "google_project_service.cloud-function-deployment_apikeysgoogleapiscom_7DF57E08",
            "google_project_service.cloud-function-deployment_artifactregistrygoogleapiscom_BFA77002",
            "google_project_service.cloud-function-deployment_cloudbuildgoogleapiscom_9B74C6CA",
            "google_project_service.cloud-function-deployment_cloudfunctionsgoogleapiscom_C10A0153",
            "google_project_service.cloud-function-deployment_cloudresourcemanagergoogleapiscom_A5C5CC28",
            "google_project_service.cloud-function-deployment_eventarcgoogleapiscom_E6BF237D",
            "google_project_service.cloud-function-deployment_iamgoogleapiscom_7FA426A6",
            "google_project_service.cloud-function-deployment_logginggoogleapiscom_DEF6A65B",
            "google_project_service.cloud-function-deployment_rungoogleapiscom_6743F467",
            "google_project_service.cloud-function-deployment_secretmanagergoogleapiscom_1A7B8455",
            "google_project_service.cloud-function-deployment_storage-apigoogleapiscom_E96DBBDB",
            "google_project_service.cloud-function-deployment_storage-componentgoogleapiscom_645D3EB0",
            "google_service_account.talkStreamFunction_service-account_FB32F2E8",
            "google_storage_bucket.cloud-function-deployment_sourceBucket_7C4598A4",
            "google_storage_bucket_object.goodbyeFunction_storage-bucket-object_45E34E5D",
            "random_string.cloud-function-deployment_bucketPrefix_E4600AAA"
          ]
        }
      ]
    },
    {
      "mode": "managed",
      "type": "google_cloudfunctions2_function_iam_binding",
      "name": "recquestionsFunction_cloudfunctions2-function-iam-member_C36E6350",
      "provider": "provider[\"registry.terraform.io/hashicorp/google\"]",
      "instances": [
        {
          "schema_version": 0,
          "attributes": {
            "cloud_function": "projects/xiaice-class-assistant/locations/us-east1/functions/recquestions",
            "condition": [],
            "etag": "BwZDYaEV3qQ=",
            "id": "projects/xiaice-class-assistant/locations/us-east1/functions/recquestions/roles/cloudfunctions.invoker",
            "location": "us-east1",
            "members": [
              "serviceAccount:talk-streamtalkstream@xiaice-class-assistant.iam.gserviceaccount.com"
            ],
            "project": "xiaice-class-assistant",
            "role": "roles/cloudfunctions.invoker"
          },
          "sensitive_attributes": [],
          "identity_schema_version": 0,
          "private": "bnVsbA==",
          "dependencies": [
            "data.archive_file.recquestionsFunction_archiveFile_DEE13B1F",
            "data.google_billing_account.billing-account",
            "google_cloudfunctions2_function.recquestionsFunction_cloud-function_0881FF24",
            "google_project.project",
            "google_project_iam_member.cloud-functions-artifact-registry-reader",
            "google_project_service.cloud-function-deployment_apikeysgoogleapiscom_7DF57E08",
            "google_project_service.cloud-function-deployment_artifactregistrygoogleapiscom_BFA77002",
            "google_project_service.cloud-function-deployment_cloudbuildgoogleapiscom_9B74C6CA",
            "google_project_service.cloud-function-deployment_cloudfunctionsgoogleapiscom_C10A0153",
            "google_project_service.cloud-function-deployment_cloudresourcemanagergoogleapiscom_A5C5CC28",
            "google_project_service.cloud-function-deployment_eventarcgoogleapiscom_E6BF237D",
            "google_project_service.cloud-function-deployment_iamgoogleapiscom_7FA426A6",
            "google_project_service.cloud-function-deployment_logginggoogleapiscom_DEF6A65B",
            "google_project_service.cloud-function-deployment_rungoogleapiscom_6743F467",
            "google_project_service.cloud-function-deployment_secretmanagergoogleapiscom_1A7B8455",
            "google_project_service.cloud-function-deployment_storage-apigoogleapiscom_E96DBBDB",
            "google_project_service.cloud-function-deployment_storage-componentgoogleapiscom_645D3EB0",
            "google_service_account.talkStreamFunction_service-account_FB32F2E8",
            "google_storage_bucket.cloud-function-deployment_sourceBucket_7C4598A4",
            "google_storage_bucket_object.recquestionsFunction_storage-bucket-object_0CD004D1",
            "random_string.cloud-function-deployment_bucketPrefix_E4600AAA"
          ]
        }
      ]
    },
    {
      "mode": "managed",
      "type": "google_cloudfunctions2_function_iam_binding",
      "name": "talkStreamFunction_cloudfunctions2-function-iam-member_D2270140",
      "provider": "provider[\"registry.terraform.io/hashicorp/google\"]",
      "instances": [
        {
          "schema_version": 0,
          "attributes": {
            "cloud_function": "projects/xiaice-class-assistant/locations/us-east1/functions/talk-stream",
            "condition": [],
            "etag": "BwZDYaCAYEE=",
            "id": "projects/xiaice-class-assistant/locations/us-east1/functions/talk-stream/roles/cloudfunctions.invoker",
            "location": "us-east1",
            "members": [
              "serviceAccount:talk-streamtalkstream@xiaice-class-assistant.iam.gserviceaccount.com"
            ],
            "project": "xiaice-class-assistant",
            "role": "roles/cloudfunctions.invoker"
          },
          "sensitive_attributes": [],
          "identity_schema_version": 0,
          "private": "bnVsbA==",
          "dependencies": [
            "data.archive_file.talkStreamFunction_archiveFile_6150954E",
            "data.google_billing_account.billing-account",
            "google_cloudfunctions2_function.talkStreamFunction_cloud-function_07D62851",
            "google_project.project",
            "google_project_iam_member.cloud-functions-artifact-registry-reader",
            "google_project_service.cloud-function-deployment_apikeysgoogleapiscom_7DF57E08",
            "google_project_service.cloud-function-deployment_artifactregistrygoogleapiscom_BFA77002",
            "google_project_service.cloud-function-deployment_cloudbuildgoogleapiscom_9B74C6CA",
            "google_project_service.cloud-function-deployment_cloudfunctionsgoogleapiscom_C10A0153",
            "google_project_service.cloud-function-deployment_cloudresourcemanagergoogleapiscom_A5C5CC28",
            "google_project_service.cloud-function-deployment_eventarcgoogleapiscom_E6BF237D",
            "google_project_service.cloud-function-deployment_iamgoogleapiscom_7FA426A6",
            "google_project_service.cloud-function-deployment_logginggoogleapiscom_DEF6A65B",
            "google_project_service.cloud-function-deployment_rungoogleapiscom_6743F467",
            "google_project_service.cloud-function-deployment_secretmanagergoogleapiscom_1A7B8455",
            "google_project_service.cloud-function-deployment_storage-apigoogleapiscom_E96DBBDB",
            "google_project_service.cloud-function-deployment_storage-componentgoogleapiscom_645D3EB0",
            "google_service_account.talkStreamFunction_service-account_FB32F2E8",
            "google_storage_bucket.cloud-function-deployment_sourceBucket_7C4598A4",
            "google_storage_bucket_object.talkStreamFunction_storage-bucket-object_0B14C746",
            "random_string.cloud-function-deployment_bucketPrefix_E4600AAA"
          ]
        }
      ]
    },
    {
      "mode": "managed",
      "type": "google_cloudfunctions2_function_iam_binding",
      "name": "welcomeFunction_cloudfunctions2-function-iam-member_52F5A244",
      "provider": "provider[\"registry.terraform.io/hashicorp/google\"]",
      "instances": [
        {
          "schema_version": 0,
          "attributes": {
            "cloud_function": "projects/xiaice-class-assistant/locations/us-east1/functions/welcome",
            "condition": [],
            "etag": "BwZDYXvyN/U=",
            "id": "projects/xiaice-class-assistant/locations/us-east1/functions/welcome/roles/cloudfunctions.invoker",
            "location": "us-east1",
            "members": [
              "serviceAccount:talk-streamtalkstream@xiaice-class-assistant.iam.gserviceaccount.com"
            ],
            "project": "xiaice-class-assistant",
            "role": "roles/cloudfunctions.invoker"
          },
          "sensitive_attributes": [],
          "identity_schema_version": 0,
          "private": "bnVsbA==",
          "dependencies": [
            "data.archive_file.welcomeFunction_archiveFile_5BD55F0D",
            "data.google_billing_account.billing-account",
            "google_cloudfunctions2_function.welcomeFunction_cloud-function_AC127BAF",
            "google_project.project",
            "google_project_iam_member.cloud-functions-artifact-registry-reader",
            "google_project_service.cloud-function-deployment_apikeysgoogleapiscom_7DF57E08",
            "google_project_service.cloud-function-deployment_artifactregistrygoogleapiscom_BFA77002",
            "google_project_service.cloud-function-deployment_cloudbuildgoogleapiscom_9B74C6CA",
            "google_project_service.cloud-function-deployment_cloudfunctionsgoogleapiscom_C10A0153",
            "google_project_service.cloud-function-deployment_cloudresourcemanagergoogleapiscom_A5C5CC28",
            "google_project_service.cloud-function-deployment_eventarcgoogleapiscom_E6BF237D",
            "google_project_service.cloud-function-deployment_iamgoogleapiscom_7FA426A6",
            "google_project_service.cloud-function-deployment_logginggoogleapiscom_DEF6A65B",
            "google_project_service.cloud-function-deployment_rungoogleapiscom_6743F467",
            "google_project_service.cloud-function-deployment_secretmanagergoogleapiscom_1A7B8455",
            "google_project_service.cloud-function-deployment_storage-apigoogleapiscom_E96DBBDB",
            "google_project_service.cloud-function-deployment_storage-componentgoogleapiscom_645D3EB0",
            "google_service_account.talkStreamFunction_service-account_FB32F2E8",
            "google_storage_bucket.cloud-function-deployment_sourceBucket_7C4598A4",
            "google_storage_bucket_object.welcomeFunction_storage-bucket-object_FFCBF2E1",
            "random_string.cloud-function-deployment_bucketPrefix_E4600AAA"
          ]
        }
      ]
    },
    {
      "mode": "managed",
      "type": "google_project",
      "name": "project",
      "provider": "provider[\"registry.terraform.io/hashicorp/google\"]",
      "instances": [
        {
          "schema_version": 1,
          "attributes": {
            "auto_create_network": true,
            "billing_account": "01C74C-667DFE-538DBC",
            "deletion_policy": "DELETE",
            "effective_labels": {
              "goog-terraform-provisioned": "true"
            },
            "folder_id": null,
            "id": "projects/xiaice-class-assistant",
            "labels": {},
            "name": "xiaice-class-assistant",
            "number": "168744334429",
            "org_id": null,
            "project_id": "xiaice-class-assistant",
            "tags": null,
            "terraform_labels": {
              "goog-terraform-provisioned": "true"
            },
            "timeouts": null
          },
          "sensitive_attributes": [],
          "identity_schema_version": 0,
          "private": "eyJlMmJmYjczMC1lY2FhLTExZTYtOGY4OC0zNDM2M2JjN2M0YzAiOnsiY3JlYXRlIjo2MDAwMDAwMDAwMDAsImRlbGV0ZSI6NjAwMDAwMDAwMDAwLCJyZWFkIjo2MDAwMDAwMDAwMDAsInVwZGF0ZSI6NjAwMDAwMDAwMDAwfSwic2NoZW1hX3ZlcnNpb24iOiIxIn0=",
          "dependencies": [
            "data.google_billing_account.billing-account"
          ],
          "create_before_destroy": true
        }
      ]
    },
    {
      "mode": "managed",
      "type": "google_project_iam_member",
      "name": "cloud-functions-artifact-registry-reader",
      "provider": "provider[\"registry.terraform.io/hashicorp/google\"]",
      "instances": [
        {
          "schema_version": 0,
          "attributes": {
            "condition": [],
            "etag": "BwZDYVvfhwY=",
            "id": "xiaice-class-assistant/roles/artifactregistry.reader/serviceAccount:service-168744334429@gcf-admin-robot.iam.gserviceaccount.com",
            "member": "serviceAccount:service-168744334429@gcf-admin-robot.iam.gserviceaccount.com",
            "project": "xiaice-class-assistant",
            "role": "roles/artifactregistry.reader"
          },
          "sensitive_attributes": [],
          "identity_schema_version": 0,
          "private": "bnVsbA==",
          "dependencies": [
            "data.google_billing_account.billing-account",
            "google_project.project",
            "google_project_service.cloud-function-deployment_apikeysgoogleapiscom_7DF57E08",
            "google_project_service.cloud-function-deployment_artifactregistrygoogleapiscom_BFA77002",
            "google_project_service.cloud-function-deployment_cloudbuildgoogleapiscom_9B74C6CA",
            "google_project_service.cloud-function-deployment_cloudfunctionsgoogleapiscom_C10A0153",
            "google_project_service.cloud-function-deployment_cloudresourcemanagergoogleapiscom_A5C5CC28",
            "google_project_service.cloud-function-deployment_eventarcgoogleapiscom_E6BF237D",
            "google_project_service.cloud-function-deployment_iamgoogleapiscom_7FA426A6",
            "google_project_service.cloud-function-deployment_logginggoogleapiscom_DEF6A65B",
            "google_project_service.cloud-function-deployment_rungoogleapiscom_6743F467",
            "google_project_service.cloud-function-deployment_secretmanagergoogleapiscom_1A7B8455",
            "google_project_service.cloud-function-deployment_storage-apigoogleapiscom_E96DBBDB",
            "google_project_service.cloud-function-deployment_storage-componentgoogleapiscom_645D3EB0"
          ],
          "create_before_destroy": true
        }
      ]
    },
    {
      "mode": "managed",
      "type": "google_project_service",
      "name": "api-gateway_api-gateway-managed-service_E28A4BFF",
      "provider": "provider[\"registry.terraform.io/hashicorp/google\"]",
      "instances": [
        {
          "schema_version": 0,
          "attributes": {
            "disable_dependent_services": null,
            "disable_on_destroy": false,
            "id": "xiaice-class-assistant/xiaoiceapi-12pre08pqvtji.apigateway.xiaice-class-assistant.cloud.goog",
            "project": "xiaice-class-assistant",
            "service": "xiaoiceapi-12pre08pqvtji.apigateway.xiaice-class-assistant.cloud.goog",
            "timeouts": null
          },
          "sensitive_attributes": [],
          "identity_schema_version": 0,
          "private": "eyJlMmJmYjczMC1lY2FhLTExZTYtOGY4OC0zNDM2M2JjN2M0YzAiOnsiY3JlYXRlIjoxMjAwMDAwMDAwMDAwLCJkZWxldGUiOjEyMDAwMDAwMDAwMDAsInJlYWQiOjYwMDAwMDAwMDAwMCwidXBkYXRlIjoxMjAwMDAwMDAwMDAwfX0=",
          "dependencies": [
            "data.google_billing_account.billing-account",
            "google_api_gateway_api.api-gateway_api_57BFA6D4",
            "google_project.project",
            "google_project_service.api-gateway_apigatewaygoogleapiscom_FD1382FA",
            "google_project_service.api-gateway_iamgoogleapiscom_136CC357",
            "google_project_service.api-gateway_servicecontrolgoogleapiscom_599B31D7",
            "google_project_service.api-gateway_servicemanagementgoogleapiscom_BCEB69C7"
          ]
        }
      ]
    },
    {
      "mode": "managed",
      "type": "google_project_service",
      "name": "api-gateway_apigatewaygoogleapiscom_FD1382FA",
      "provider": "provider[\"registry.terraform.io/hashicorp/google\"]",
      "instances": [
        {
          "schema_version": 0,
          "attributes": {
            "disable_dependent_services": null,
            "disable_on_destroy": false,
            "id": "xiaice-class-assistant/apigateway.googleapis.com",
            "project": "xiaice-class-assistant",
            "service": "apigateway.googleapis.com",
            "timeouts": null
          },
          "sensitive_attributes": [],
          "identity_schema_version": 0,
          "private": "eyJlMmJmYjczMC1lY2FhLTExZTYtOGY4OC0zNDM2M2JjN2M0YzAiOnsiY3JlYXRlIjoxMjAwMDAwMDAwMDAwLCJkZWxldGUiOjEyMDAwMDAwMDAwMDAsInJlYWQiOjYwMDAwMDAwMDAwMCwidXBkYXRlIjoxMjAwMDAwMDAwMDAwfX0=",
          "dependencies": [
            "data.google_billing_account.billing-account",
            "google_project.project"
          ],
          "create_before_destroy": true
        }
      ]
    },
    {
      "mode": "managed",
      "type": "google_project_service",
      "name": "api-gateway_iamgoogleapiscom_136CC357",
      "provider": "provider[\"registry.terraform.io/hashicorp/google\"]",
      "instances": [
        {
          "schema_version": 0,
          "attributes": {
            "disable_dependent_services": null,
            "disable_on_destroy": false,
            "id": "xiaice-class-assistant/iam.googleapis.com",
            "project": "xiaice-class-assistant",
            "service": "iam.googleapis.com",
            "timeouts": null
          },
          "sensitive_attributes": [],
          "identity_schema_version": 0,
          "private": "eyJlMmJmYjczMC1lY2FhLTExZTYtOGY4OC0zNDM2M2JjN2M0YzAiOnsiY3JlYXRlIjoxMjAwMDAwMDAwMDAwLCJkZWxldGUiOjEyMDAwMDAwMDAwMDAsInJlYWQiOjYwMDAwMDAwMDAwMCwidXBkYXRlIjoxMjAwMDAwMDAwMDAwfX0=",
          "dependencies": [
            "data.google_billing_account.billing-account",
            "google_project.project"
          ],
          "create_before_destroy": true
        }
      ]
    },
    {
      "mode": "managed",
      "type": "google_project_service",
      "name": "api-gateway_servicecontrolgoogleapiscom_599B31D7",
      "provider": "provider[\"registry.terraform.io/hashicorp/google\"]",
      "instances": [
        {
          "schema_version": 0,
          "attributes": {
            "disable_dependent_services": null,
            "disable_on_destroy": false,
            "id": "xiaice-class-assistant/servicecontrol.googleapis.com",
            "project": "xiaice-class-assistant",
            "service": "servicecontrol.googleapis.com",
            "timeouts": null
          },
          "sensitive_attributes": [],
          "identity_schema_version": 0,
          "private": "eyJlMmJmYjczMC1lY2FhLTExZTYtOGY4OC0zNDM2M2JjN2M0YzAiOnsiY3JlYXRlIjoxMjAwMDAwMDAwMDAwLCJkZWxldGUiOjEyMDAwMDAwMDAwMDAsInJlYWQiOjYwMDAwMDAwMDAwMCwidXBkYXRlIjoxMjAwMDAwMDAwMDAwfX0=",
          "dependencies": [
            "data.google_billing_account.billing-account",
            "google_project.project"
          ],
          "create_before_destroy": true
        }
      ]
    },
    {
      "mode": "managed",
      "type": "google_project_service",
      "name": "api-gateway_servicemanagementgoogleapiscom_BCEB69C7",
      "provider": "provider[\"registry.terraform.io/hashicorp/google\"]",
      "instances": [
        {
          "schema_version": 0,
          "attributes": {
            "disable_dependent_services": null,
            "disable_on_destroy": false,
            "id": "xiaice-class-assistant/servicemanagement.googleapis.com",
            "project": "xiaice-class-assistant",
            "service": "servicemanagement.googleapis.com",
            "timeouts": null
          },
          "sensitive_attributes": [],
          "identity_schema_version": 0,
          "private": "eyJlMmJmYjczMC1lY2FhLTExZTYtOGY4OC0zNDM2M2JjN2M0YzAiOnsiY3JlYXRlIjoxMjAwMDAwMDAwMDAwLCJkZWxldGUiOjEyMDAwMDAwMDAwMDAsInJlYWQiOjYwMDAwMDAwMDAwMCwidXBkYXRlIjoxMjAwMDAwMDAwMDAwfX0=",
          "dependencies": [
            "data.google_billing_account.billing-account",
            "google_project.project"
          ],
          "create_before_destroy": true
        }
      ]
    },
    {
      "mode": "managed",
      "type": "google_project_service",
      "name": "cloud-function-deployment_apikeysgoogleapiscom_7DF57E08",
      "provider": "provider[\"registry.terraform.io/hashicorp/google\"]",
      "instances": [
        {
          "schema_version": 0,
          "attributes": {
            "disable_dependent_services": null,
            "disable_on_destroy": false,
            "id": "xiaice-class-assistant/apikeys.googleapis.com",
            "project": "xiaice-class-assistant",
            "service": "apikeys.googleapis.com",
            "timeouts": null
          },
          "sensitive_attributes": [],
          "identity_schema_version": 0,
          "private": "eyJlMmJmYjczMC1lY2FhLTExZTYtOGY4OC0zNDM2M2JjN2M0YzAiOnsiY3JlYXRlIjoxMjAwMDAwMDAwMDAwLCJkZWxldGUiOjEyMDAwMDAwMDAwMDAsInJlYWQiOjYwMDAwMDAwMDAwMCwidXBkYXRlIjoxMjAwMDAwMDAwMDAwfX0=",
          "dependencies": [
            "data.google_billing_account.billing-account",
            "google_project.project"
          ],
          "create_before_destroy": true
        }
      ]
    },
    {
      "mode": "managed",
      "type": "google_project_service",
      "name": "cloud-function-deployment_artifactregistrygoogleapiscom_BFA77002",
      "provider": "provider[\"registry.terraform.io/hashicorp/google\"]",
      "instances": [
        {
          "schema_version": 0,
          "attributes": {
            "disable_dependent_services": null,
            "disable_on_destroy": false,
            "id": "xiaice-class-assistant/artifactregistry.googleapis.com",
            "project": "xiaice-class-assistant",
            "service": "artifactregistry.googleapis.com",
            "timeouts": null
          },
          "sensitive_attributes": [],
          "identity_schema_version": 0,
          "private": "eyJlMmJmYjczMC1lY2FhLTExZTYtOGY4OC0zNDM2M2JjN2M0YzAiOnsiY3JlYXRlIjoxMjAwMDAwMDAwMDAwLCJkZWxldGUiOjEyMDAwMDAwMDAwMDAsInJlYWQiOjYwMDAwMDAwMDAwMCwidXBkYXRlIjoxMjAwMDAwMDAwMDAwfX0=",
          "dependencies": [
            "data.google_billing_account.billing-account",
            "google_project.project"
          ],
          "create_before_destroy": true
        }
      ]
    },
    {
      "mode": "managed",
      "type": "google_project_service",
      "name": "cloud-function-deployment_cloudbuildgoogleapiscom_9B74C6CA",
      "provider": "provider[\"registry.terraform.io/hashicorp/google\"]",
      "instances": [
        {
          "schema_version": 0,
          "attributes": {
            "disable_dependent_services": null,
            "disable_on_destroy": false,
            "id": "xiaice-class-assistant/cloudbuild.googleapis.com",
            "project": "xiaice-class-assistant",
            "service": "cloudbuild.googleapis.com",
            "timeouts": null
          },
          "sensitive_attributes": [],
          "identity_schema_version": 0,
          "private": "eyJlMmJmYjczMC1lY2FhLTExZTYtOGY4OC0zNDM2M2JjN2M0YzAiOnsiY3JlYXRlIjoxMjAwMDAwMDAwMDAwLCJkZWxldGUiOjEyMDAwMDAwMDAwMDAsInJlYWQiOjYwMDAwMDAwMDAwMCwidXBkYXRlIjoxMjAwMDAwMDAwMDAwfX0=",
          "dependencies": [
            "data.google_billing_account.billing-account",
            "google_project.project"
          ],
          "create_before_destroy": true
        }
      ]
    },
    {
      "mode": "managed",
      "type": "google_project_service",
      "name": "cloud-function-deployment_cloudfunctionsgoogleapiscom_C10A0153",
      "provider": "provider[\"registry.terraform.io/hashicorp/google\"]",
      "instances": [
        {
          "schema_version": 0,
          "attributes": {
            "disable_dependent_services": null,
            "disable_on_destroy": false,
            "id": "xiaice-class-assistant/cloudfunctions.googleapis.com",
            "project": "xiaice-class-assistant",
            "service": "cloudfunctions.googleapis.com",
            "timeouts": null
          },
          "sensitive_attributes": [],
          "identity_schema_version": 0,
          "private": "eyJlMmJmYjczMC1lY2FhLTExZTYtOGY4OC0zNDM2M2JjN2M0YzAiOnsiY3JlYXRlIjoxMjAwMDAwMDAwMDAwLCJkZWxldGUiOjEyMDAwMDAwMDAwMDAsInJlYWQiOjYwMDAwMDAwMDAwMCwidXBkYXRlIjoxMjAwMDAwMDAwMDAwfX0=",
          "dependencies": [
            "data.google_billing_account.billing-account",
            "google_project.project"
          ],
          "create_before_destroy": true
        }
      ]
    },
    {
      "mode": "managed",
      "type": "google_project_service",
      "name": "cloud-function-deployment_cloudresourcemanagergoogleapiscom_A5C5CC28",
      "provider": "provider[\"registry.terraform.io/hashicorp/google\"]",
      "instances": [
        {
          "schema_version": 0,
          "attributes": {
            "disable_dependent_services": null,
            "disable_on_destroy": false,
            "id": "xiaice-class-assistant/cloudresourcemanager.googleapis.com",
            "project": "xiaice-class-assistant",
            "service": "cloudresourcemanager.googleapis.com",
            "timeouts": null
          },
          "sensitive_attributes": [],
          "identity_schema_version": 0,
          "private": "eyJlMmJmYjczMC1lY2FhLTExZTYtOGY4OC0zNDM2M2JjN2M0YzAiOnsiY3JlYXRlIjoxMjAwMDAwMDAwMDAwLCJkZWxldGUiOjEyMDAwMDAwMDAwMDAsInJlYWQiOjYwMDAwMDAwMDAwMCwidXBkYXRlIjoxMjAwMDAwMDAwMDAwfX0=",
          "dependencies": [
            "data.google_billing_account.billing-account",
            "google_project.project"
          ],
          "create_before_destroy": true
        }
      ]
    },
    {
      "mode": "managed",
      "type": "google_project_service",
      "name": "cloud-function-deployment_eventarcgoogleapiscom_E6BF237D",
      "provider": "provider[\"registry.terraform.io/hashicorp/google\"]",
      "instances": [
        {
          "schema_version": 0,
          "attributes": {
            "disable_dependent_services": null,
            "disable_on_destroy": false,
            "id": "xiaice-class-assistant/eventarc.googleapis.com",
            "project": "xiaice-class-assistant",
            "service": "eventarc.googleapis.com",
            "timeouts": null
          },
          "sensitive_attributes": [],
          "identity_schema_version": 0,
          "private": "eyJlMmJmYjczMC1lY2FhLTExZTYtOGY4OC0zNDM2M2JjN2M0YzAiOnsiY3JlYXRlIjoxMjAwMDAwMDAwMDAwLCJkZWxldGUiOjEyMDAwMDAwMDAwMDAsInJlYWQiOjYwMDAwMDAwMDAwMCwidXBkYXRlIjoxMjAwMDAwMDAwMDAwfX0=",
          "dependencies": [
            "data.google_billing_account.billing-account",
            "google_project.project"
          ],
          "create_before_destroy": true
        }
      ]
    },
    {
      "mode": "managed",
      "type": "google_project_service",
      "name": "cloud-function-deployment_iamgoogleapiscom_7FA426A6",
      "provider": "provider[\"registry.terraform.io/hashicorp/google\"]",
      "instances": [
        {
          "schema_version": 0,
          "attributes": {
            "disable_dependent_services": null,
            "disable_on_destroy": false,
            "id": "xiaice-class-assistant/iam.googleapis.com",
            "project": "xiaice-class-assistant",
            "service": "iam.googleapis.com",
            "timeouts": null
          },
          "sensitive_attributes": [],
          "identity_schema_version": 0,
          "private": "eyJlMmJmYjczMC1lY2FhLTExZTYtOGY4OC0zNDM2M2JjN2M0YzAiOnsiY3JlYXRlIjoxMjAwMDAwMDAwMDAwLCJkZWxldGUiOjEyMDAwMDAwMDAwMDAsInJlYWQiOjYwMDAwMDAwMDAwMCwidXBkYXRlIjoxMjAwMDAwMDAwMDAwfX0=",
          "dependencies": [
            "data.google_billing_account.billing-account",
            "google_project.project"
          ],
          "create_before_destroy": true
        }
      ]
    },
    {
      "mode": "managed",
      "type": "google_project_service",
      "name": "cloud-function-deployment_logginggoogleapiscom_DEF6A65B",
      "provider": "provider[\"registry.terraform.io/hashicorp/google\"]",
      "instances": [
        {
          "schema_version": 0,
          "attributes": {
            "disable_dependent_services": null,
            "disable_on_destroy": false,
            "id": "xiaice-class-assistant/logging.googleapis.com",
            "project": "xiaice-class-assistant",
            "service": "logging.googleapis.com",
            "timeouts": null
          },
          "sensitive_attributes": [],
          "identity_schema_version": 0,
          "private": "eyJlMmJmYjczMC1lY2FhLTExZTYtOGY4OC0zNDM2M2JjN2M0YzAiOnsiY3JlYXRlIjoxMjAwMDAwMDAwMDAwLCJkZWxldGUiOjEyMDAwMDAwMDAwMDAsInJlYWQiOjYwMDAwMDAwMDAwMCwidXBkYXRlIjoxMjAwMDAwMDAwMDAwfX0=",
          "dependencies": [
            "data.google_billing_account.billing-account",
            "google_project.project"
          ],
          "create_before_destroy": true
        }
      ]
    },
    {
      "mode": "managed",
      "type": "google_project_service",
      "name": "cloud-function-deployment_rungoogleapiscom_6743F467",
      "provider": "provider[\"registry.terraform.io/hashicorp/google\"]",
      "instances": [
        {
          "schema_version": 0,
          "attributes": {
            "disable_dependent_services": null,
            "disable_on_destroy": false,
            "id": "xiaice-class-assistant/run.googleapis.com",
            "project": "xiaice-class-assistant",
            "service": "run.googleapis.com",
            "timeouts": null
          },
          "sensitive_attributes": [],
          "identity_schema_version": 0,
          "private": "eyJlMmJmYjczMC1lY2FhLTExZTYtOGY4OC0zNDM2M2JjN2M0YzAiOnsiY3JlYXRlIjoxMjAwMDAwMDAwMDAwLCJkZWxldGUiOjEyMDAwMDAwMDAwMDAsInJlYWQiOjYwMDAwMDAwMDAwMCwidXBkYXRlIjoxMjAwMDAwMDAwMDAwfX0=",
          "dependencies": [
            "data.google_billing_account.billing-account",
            "google_project.project"
          ],
          "create_before_destroy": true
        }
      ]
    },
    {
      "mode": "managed",
      "type": "google_project_service",
      "name": "cloud-function-deployment_secretmanagergoogleapiscom_1A7B8455",
      "provider": "provider[\"registry.terraform.io/hashicorp/google\"]",
      "instances": [
        {
          "schema_version": 0,
          "attributes": {
            "disable_dependent_services": null,
            "disable_on_destroy": false,
            "id": "xiaice-class-assistant/secretmanager.googleapis.com",
            "project": "xiaice-class-assistant",
            "service": "secretmanager.googleapis.com",
            "timeouts": null
          },
          "sensitive_attributes": [],
          "identity_schema_version": 0,
          "private": "eyJlMmJmYjczMC1lY2FhLTExZTYtOGY4OC0zNDM2M2JjN2M0YzAiOnsiY3JlYXRlIjoxMjAwMDAwMDAwMDAwLCJkZWxldGUiOjEyMDAwMDAwMDAwMDAsInJlYWQiOjYwMDAwMDAwMDAwMCwidXBkYXRlIjoxMjAwMDAwMDAwMDAwfX0=",
          "dependencies": [
            "data.google_billing_account.billing-account",
            "google_project.project"
          ],
          "create_before_destroy": true
        }
      ]
    },
    {
      "mode": "managed",
      "type": "google_project_service",
      "name": "cloud-function-deployment_storage-apigoogleapiscom_E96DBBDB",
      "provider": "provider[\"registry.terraform.io/hashicorp/google\"]",
      "instances": [
        {
          "schema_version": 0,
          "attributes": {
            "disable_dependent_services": null,
            "disable_on_destroy": false,
            "id": "xiaice-class-assistant/storage-api.googleapis.com",
            "project": "xiaice-class-assistant",
            "service": "storage-api.googleapis.com",
            "timeouts": null
          },
          "sensitive_attributes": [],
          "identity_schema_version": 0,
          "private": "eyJlMmJmYjczMC1lY2FhLTExZTYtOGY4OC0zNDM2M2JjN2M0YzAiOnsiY3JlYXRlIjoxMjAwMDAwMDAwMDAwLCJkZWxldGUiOjEyMDAwMDAwMDAwMDAsInJlYWQiOjYwMDAwMDAwMDAwMCwidXBkYXRlIjoxMjAwMDAwMDAwMDAwfX0=",
          "dependencies": [
            "data.google_billing_account.billing-account",
            "google_project.project"
          ],
          "create_before_destroy": true
        }
      ]
    },
    {
      "mode": "managed",
      "type": "google_project_service",
      "name": "cloud-function-deployment_storage-componentgoogleapiscom_645D3EB0",
      "provider": "provider[\"registry.terraform.io/hashicorp/google\"]",
      "instances": [
        {
          "schema_version": 0,
          "attributes": {
            "disable_dependent_services": null,
            "disable_on_destroy": false,
            "id": "xiaice-class-assistant/storage-component.googleapis.com",
            "project": "xiaice-class-assistant",
            "service": "storage-component.googleapis.com",
            "timeouts": null
          },
          "sensitive_attributes": [],
          "identity_schema_version": 0,
          "private": "eyJlMmJmYjczMC1lY2FhLTExZTYtOGY4OC0zNDM2M2JjN2M0YzAiOnsiY3JlYXRlIjoxMjAwMDAwMDAwMDAwLCJkZWxldGUiOjEyMDAwMDAwMDAwMDAsInJlYWQiOjYwMDAwMDAwMDAwMCwidXBkYXRlIjoxMjAwMDAwMDAwMDAwfX0=",
          "dependencies": [
            "data.google_billing_account.billing-account",
            "google_project.project"
          ],
          "create_before_destroy": true
        }
      ]
    },
    {
      "mode": "managed",
      "type": "google_service_account",
      "name": "talkStreamFunction_service-account_FB32F2E8",
      "provider": "provider[\"registry.terraform.io/hashicorp/google\"]",
      "instances": [
        {
          "schema_version": 0,
          "attributes": {
            "account_id": "talk-streamtalkstream",
            "create_ignore_already_exists": null,
            "description": "",
            "disabled": false,
            "display_name": "talk-streamtalk_stream",
            "email": "talk-streamtalkstream@xiaice-class-assistant.iam.gserviceaccount.com",
            "id": "projects/xiaice-class-assistant/serviceAccounts/talk-streamtalkstream@xiaice-class-assistant.iam.gserviceaccount.com",
            "member": "serviceAccount:talk-streamtalkstream@xiaice-class-assistant.iam.gserviceaccount.com",
            "name": "projects/xiaice-class-assistant/serviceAccounts/talk-streamtalkstream@xiaice-class-assistant.iam.gserviceaccount.com",
            "project": "xiaice-class-assistant",
            "timeouts": null,
            "unique_id": "114492817753660307549"
          },
          "sensitive_attributes": [],
          "identity_schema_version": 0,
          "private": "eyJlMmJmYjczMC1lY2FhLTExZTYtOGY4OC0zNDM2M2JjN2M0YzAiOnsiY3JlYXRlIjozMDAwMDAwMDAwMDB9fQ==",
          "dependencies": [
            "data.google_billing_account.billing-account",
            "google_project.project"
          ],
          "create_before_destroy": true
        }
      ]
    },
    {
      "mode": "managed",
      "type": "google_storage_bucket",
      "name": "cloud-function-deployment_sourceBucket_7C4598A4",
      "provider": "provider[\"registry.terraform.io/hashicorp/google\"]",
      "instances": [
        {
          "schema_version": 4,
          "attributes": {
            "autoclass": [],
            "cors": [],
            "custom_placement_config": [],
            "default_event_based_hold": false,
            "effective_labels": {
              "goog-terraform-provisioned": "true"
            },
            "enable_object_retention": false,
            "encryption": [],
            "force_destroy": true,
            "hierarchical_namespace": [
              {
                "enabled": false
              }
            ],
            "id": "source39o2h5889",
            "ip_filter": [],
            "labels": {},
            "lifecycle_rule": [
              {
                "action": [
                  {
                    "storage_class": "",
                    "type": "Delete"
                  }
                ],
                "condition": [
                  {
                    "age": 1,
                    "created_before": "",
                    "custom_time_before": "",
                    "days_since_custom_time": 0,
                    "days_since_noncurrent_time": 0,
                    "matches_prefix": [],
                    "matches_storage_class": [],
                    "matches_suffix": [],
                    "noncurrent_time_before": "",
                    "num_newer_versions": 0,
                    "send_age_if_zero": false,
                    "send_days_since_custom_time_if_zero": false,
                    "send_days_since_noncurrent_time_if_zero": false,
                    "send_num_newer_versions_if_zero": false,
                    "with_state": "ANY"
                  }
                ]
              }
            ],
            "location": "US-EAST1",
            "logging": [],
            "name": "source39o2h5889",
            "project": "xiaice-class-assistant",
            "project_number": 168744334429,
            "public_access_prevention": "inherited",
            "requester_pays": false,
            "retention_policy": [],
            "rpo": null,
            "self_link": "https://www.googleapis.com/storage/v1/b/source39o2h5889",
            "soft_delete_policy": [
              {
                "effective_time": "2025-11-12T08:13:35.159Z",
                "retention_duration_seconds": 604800
              }
            ],
            "storage_class": "REGIONAL",
            "terraform_labels": {
              "goog-terraform-provisioned": "true"
            },
            "time_created": "2025-11-12T08:13:35.159Z",
            "timeouts": null,
            "uniform_bucket_level_access": true,
            "updated": "2025-11-12T08:13:35.159Z",
            "url": "gs://source39o2h5889",
            "versioning": [],
            "website": []
          },
          "sensitive_attributes": [],
          "identity_schema_version": 0,
          "private": "eyJlMmJmYjczMC1lY2FhLTExZTYtOGY4OC0zNDM2M2JjN2M0YzAiOnsiY3JlYXRlIjo2MDAwMDAwMDAwMDAsInJlYWQiOjI0MDAwMDAwMDAwMCwidXBkYXRlIjoyNDAwMDAwMDAwMDB9LCJzY2hlbWFfdmVyc2lvbiI6IjQifQ==",
          "dependencies": [
            "data.google_billing_account.billing-account",
            "google_project.project",
            "google_project_service.cloud-function-deployment_apikeysgoogleapiscom_7DF57E08",
            "google_project_service.cloud-function-deployment_artifactregistrygoogleapiscom_BFA77002",
            "google_project_service.cloud-function-deployment_cloudbuildgoogleapiscom_9B74C6CA",
            "google_project_service.cloud-function-deployment_cloudfunctionsgoogleapiscom_C10A0153",
            "google_project_service.cloud-function-deployment_cloudresourcemanagergoogleapiscom_A5C5CC28",
            "google_project_service.cloud-function-deployment_eventarcgoogleapiscom_E6BF237D",
            "google_project_service.cloud-function-deployment_iamgoogleapiscom_7FA426A6",
            "google_project_service.cloud-function-deployment_logginggoogleapiscom_DEF6A65B",
            "google_project_service.cloud-function-deployment_rungoogleapiscom_6743F467",
            "google_project_service.cloud-function-deployment_secretmanagergoogleapiscom_1A7B8455",
            "google_project_service.cloud-function-deployment_storage-apigoogleapiscom_E96DBBDB",
            "google_project_service.cloud-function-deployment_storage-componentgoogleapiscom_645D3EB0",
            "random_string.cloud-function-deployment_bucketPrefix_E4600AAA"
          ],
          "create_before_destroy": true
        }
      ]
    },
    {
      "mode": "managed",
      "type": "google_storage_bucket_object",
      "name": "goodbyeFunction_storage-bucket-object_45E34E5D",
      "provider": "provider[\"registry.terraform.io/hashicorp/google\"]",
      "instances": [
        {
          "schema_version": 0,
          "attributes": {
            "bucket": "source39o2h5889",
            "cache_control": "",
            "content": null,
            "content_disposition": "",
            "content_encoding": "",
            "content_language": "",
            "content_type": "application/zip",
            "crc32c": "5XLmEA==",
            "customer_encryption": [],
            "deletion_policy": null,
            "detect_md5hash": "H2Wt9/R4wLexdzbQyETlFA==",
            "event_based_hold": false,
            "force_empty_content_type": null,
            "generation": 1762935217909905,
            "id": "source39o2h5889-function-source-tSxvo78TCbIA0Kgxcg7FmReRFgY=.zip",
            "kms_key_name": "",
            "md5hash": "H2Wt9/R4wLexdzbQyETlFA==",
            "md5hexhash": "1f65adf7f478c0b7b17736d0c844e514",
            "media_link": "https://storage.googleapis.com/download/storage/v1/b/source39o2h5889/o/function-source-tSxvo78TCbIA0Kgxcg7FmReRFgY=.zip?generation=1762935217909905\u0026alt=media",
            "metadata": {},
            "name": "function-source-tSxvo78TCbIA0Kgxcg7FmReRFgY=.zip",
            "output_name": "function-source-tSxvo78TCbIA0Kgxcg7FmReRFgY=.zip",
            "retention": [],
            "self_link": "https://www.googleapis.com/storage/v1/b/source39o2h5889/o/function-source-tSxvo78TCbIA0Kgxcg7FmReRFgY=.zip",
            "source": "/workspaces/xiaoice_class_assistant/cdktf/cdktf.out/functions/function-source-tSxvo78TCbIA0Kgxcg7FmReRFgY=.zip",
            "source_md5hash": "",
            "storage_class": "REGIONAL",
            "temporary_hold": false,
            "timeouts": null
          },
          "sensitive_attributes": [
            [
              {
                "type": "get_attr",
                "value": "content"
              }
            ]
          ],
          "identity_schema_version": 0,
          "private": "eyJlMmJmYjczMC1lY2FhLTExZTYtOGY4OC0zNDM2M2JjN2M0YzAiOnsiY3JlYXRlIjoyNDAwMDAwMDAwMDAsImRlbGV0ZSI6MjQwMDAwMDAwMDAwLCJ1cGRhdGUiOjI0MDAwMDAwMDAwMH19",
          "dependencies": [
            "data.archive_file.goodbyeFunction_archiveFile_B8C70E7D",
            "data.google_billing_account.billing-account",
            "google_project.project",
            "google_project_service.cloud-function-deployment_apikeysgoogleapiscom_7DF57E08",
            "google_project_service.cloud-function-deployment_artifactregistrygoogleapiscom_BFA77002",
            "google_project_service.cloud-function-deployment_cloudbuildgoogleapiscom_9B74C6CA",
            "google_project_service.cloud-function-deployment_cloudfunctionsgoogleapiscom_C10A0153",
            "google_project_service.cloud-function-deployment_cloudresourcemanagergoogleapiscom_A5C5CC28",
            "google_project_service.cloud-function-deployment_eventarcgoogleapiscom_E6BF237D",
            "google_project_service.cloud-function-deployment_iamgoogleapiscom_7FA426A6",
            "google_project_service.cloud-function-deployment_logginggoogleapiscom_DEF6A65B",
            "google_project_service.cloud-function-deployment_rungoogleapiscom_6743F467",
            "google_project_service.cloud-function-deployment_secretmanagergoogleapiscom_1A7B8455",
            "google_project_service.cloud-function-deployment_storage-apigoogleapiscom_E96DBBDB",
            "google_project_service.cloud-function-deployment_storage-componentgoogleapiscom_645D3EB0",
            "google_storage_bucket.cloud-function-deployment_sourceBucket_7C4598A4",
            "random_string.cloud-function-deployment_bucketPrefix_E4600AAA"
          ],
          "create_before_destroy": true
        }
      ]
    },
    {
      "mode": "managed",
      "type": "google_storage_bucket_object",
      "name": "recquestionsFunction_storage-bucket-object_0CD004D1",
      "provider": "provider[\"registry.terraform.io/hashicorp/google\"]",
      "instances": [
        {
          "schema_version": 0,
          "attributes": {
            "bucket": "source39o2h5889",
            "cache_control": "",
            "content": null,
            "content_disposition": "",
            "content_encoding": "",
            "content_language": "",
            "content_type": "application/zip",
            "crc32c": "eHvZ4A==",
            "customer_encryption": [],
            "deletion_policy": null,
            "detect_md5hash": "OiFjEyT6NxVTAw+byOV5uw==",
            "event_based_hold": false,
            "force_empty_content_type": null,
            "generation": 1762935217909111,
            "id": "source39o2h5889-function-source-uNNsmU8gO6WuzV47aqYVtZ0KhUw=.zip",
            "kms_key_name": "",
            "md5hash": "OiFjEyT6NxVTAw+byOV5uw==",
            "md5hexhash": "3a21631324fa371553030f9bc8e579bb",
            "media_link": "https://storage.googleapis.com/download/storage/v1/b/source39o2h5889/o/function-source-uNNsmU8gO6WuzV47aqYVtZ0KhUw=.zip?generation=1762935217909111\u0026alt=media",
            "metadata": {},
            "name": "function-source-uNNsmU8gO6WuzV47aqYVtZ0KhUw=.zip",
            "output_name": "function-source-uNNsmU8gO6WuzV47aqYVtZ0KhUw=.zip",
            "retention": [],
            "self_link": "https://www.googleapis.com/storage/v1/b/source39o2h5889/o/function-source-uNNsmU8gO6WuzV47aqYVtZ0KhUw=.zip",
            "source": "/workspaces/xiaoice_class_assistant/cdktf/cdktf.out/functions/function-source-uNNsmU8gO6WuzV47aqYVtZ0KhUw=.zip",
            "source_md5hash": "",
            "storage_class": "REGIONAL",
            "temporary_hold": false,
            "timeouts": null
          },
          "sensitive_attributes": [
            [
              {
                "type": "get_attr",
                "value": "content"
              }
            ]
          ],
          "identity_schema_version": 0,
          "private": "eyJlMmJmYjczMC1lY2FhLTExZTYtOGY4OC0zNDM2M2JjN2M0YzAiOnsiY3JlYXRlIjoyNDAwMDAwMDAwMDAsImRlbGV0ZSI6MjQwMDAwMDAwMDAwLCJ1cGRhdGUiOjI0MDAwMDAwMDAwMH19",
          "dependencies": [
            "data.archive_file.recquestionsFunction_archiveFile_DEE13B1F",
            "data.google_billing_account.billing-account",
            "google_project.project",
            "google_project_service.cloud-function-deployment_apikeysgoogleapiscom_7DF57E08",
            "google_project_service.cloud-function-deployment_artifactregistrygoogleapiscom_BFA77002",
            "google_project_service.cloud-function-deployment_cloudbuildgoogleapiscom_9B74C6CA",
            "google_project_service.cloud-function-deployment_cloudfunctionsgoogleapiscom_C10A0153",
            "google_project_service.cloud-function-deployment_cloudresourcemanagergoogleapiscom_A5C5CC28",
            "google_project_service.cloud-function-deployment_eventarcgoogleapiscom_E6BF237D",
            "google_project_service.cloud-function-deployment_iamgoogleapiscom_7FA426A6",
            "google_project_service.cloud-function-deployment_logginggoogleapiscom_DEF6A65B",
            "google_project_service.cloud-function-deployment_rungoogleapiscom_6743F467",
            "google_project_service.cloud-function-deployment_secretmanagergoogleapiscom_1A7B8455",
            "google_project_service.cloud-function-deployment_storage-apigoogleapiscom_E96DBBDB",
            "google_project_service.cloud-function-deployment_storage-componentgoogleapiscom_645D3EB0",
            "google_storage_bucket.cloud-function-deployment_sourceBucket_7C4598A4",
            "random_string.cloud-function-deployment_bucketPrefix_E4600AAA"
          ],
          "create_before_destroy": true
        }
      ]
    },
    {
      "mode": "managed",
      "type": "google_storage_bucket_object",
      "name": "talkStreamFunction_storage-bucket-object_0B14C746",
      "provider": "provider[\"registry.terraform.io/hashicorp/google\"]",
      "instances": [
        {
          "schema_version": 0,
          "attributes": {
            "bucket": "source39o2h5889",
            "cache_control": "",
            "content": null,
            "content_disposition": "",
            "content_encoding": "",
            "content_language": "",
            "content_type": "application/zip",
            "crc32c": "3urrRQ==",
            "customer_encryption": [],
            "deletion_policy": null,
            "detect_md5hash": "1iwPtROUppsWO4deSDJi2w==",
            "event_based_hold": false,
            "force_empty_content_type": null,
            "generation": 1762935217909487,
            "id": "source39o2h5889-function-source-DSWT19AK2XbeC+cgE+oOxDIqUkk=.zip",
            "kms_key_name": "",
            "md5hash": "1iwPtROUppsWO4deSDJi2w==",
            "md5hexhash": "d62c0fb51394a69b163b875e483262db",
            "media_link": "https://storage.googleapis.com/download/storage/v1/b/source39o2h5889/o/function-source-DSWT19AK2XbeC%2BcgE%2BoOxDIqUkk=.zip?generation=1762935217909487\u0026alt=media",
            "metadata": {},
            "name": "function-source-DSWT19AK2XbeC+cgE+oOxDIqUkk=.zip",
            "output_name": "function-source-DSWT19AK2XbeC+cgE+oOxDIqUkk=.zip",
            "retention": [],
            "self_link": "https://www.googleapis.com/storage/v1/b/source39o2h5889/o/function-source-DSWT19AK2XbeC%2BcgE%2BoOxDIqUkk=.zip",
            "source": "/workspaces/xiaoice_class_assistant/cdktf/cdktf.out/functions/function-source-DSWT19AK2XbeC+cgE+oOxDIqUkk=.zip",
            "source_md5hash": "",
            "storage_class": "REGIONAL",
            "temporary_hold": false,
            "timeouts": null
          },
          "sensitive_attributes": [
            [
              {
                "type": "get_attr",
                "value": "content"
              }
            ]
          ],
          "identity_schema_version": 0,
          "private": "eyJlMmJmYjczMC1lY2FhLTExZTYtOGY4OC0zNDM2M2JjN2M0YzAiOnsiY3JlYXRlIjoyNDAwMDAwMDAwMDAsImRlbGV0ZSI6MjQwMDAwMDAwMDAwLCJ1cGRhdGUiOjI0MDAwMDAwMDAwMH19",
          "dependencies": [
            "data.archive_file.talkStreamFunction_archiveFile_6150954E",
            "data.google_billing_account.billing-account",
            "google_project.project",
            "google_project_service.cloud-function-deployment_apikeysgoogleapiscom_7DF57E08",
            "google_project_service.cloud-function-deployment_artifactregistrygoogleapiscom_BFA77002",
            "google_project_service.cloud-function-deployment_cloudbuildgoogleapiscom_9B74C6CA",
            "google_project_service.cloud-function-deployment_cloudfunctionsgoogleapiscom_C10A0153",
            "google_project_service.cloud-function-deployment_cloudresourcemanagergoogleapiscom_A5C5CC28",
            "google_project_service.cloud-function-deployment_eventarcgoogleapiscom_E6BF237D",
            "google_project_service.cloud-function-deployment_iamgoogleapiscom_7FA426A6",
            "google_project_service.cloud-function-deployment_logginggoogleapiscom_DEF6A65B",
            "google_project_service.cloud-function-deployment_rungoogleapiscom_6743F467",
            "google_project_service.cloud-function-deployment_secretmanagergoogleapiscom_1A7B8455",
            "google_project_service.cloud-function-deployment_storage-apigoogleapiscom_E96DBBDB",
            "google_project_service.cloud-function-deployment_storage-componentgoogleapiscom_645D3EB0",
            "google_storage_bucket.cloud-function-deployment_sourceBucket_7C4598A4",
            "random_string.cloud-function-deployment_bucketPrefix_E4600AAA"
          ],
          "create_before_destroy": true
        }
      ]
    },
    {
      "mode": "managed",
      "type": "google_storage_bucket_object",
      "name": "welcomeFunction_storage-bucket-object_FFCBF2E1",
      "provider": "provider[\"registry.terraform.io/hashicorp/google\"]",
      "instances": [
        {
          "schema_version": 0,
          "attributes": {
            "bucket": "source39o2h5889",
            "cache_control": "",
            "content": null,
            "content_disposition": "",
            "content_encoding": "",
            "content_language": "",
            "content_type": "application/zip",
            "crc32c": "rox4+Q==",
            "customer_encryption": [],
            "deletion_policy": null,
            "detect_md5hash": "wrxLjv6b+t2Gt/ef48LRfg==",
            "event_based_hold": false,
            "force_empty_content_type": null,
            "generation": 1762935216908059,
            "id": "source39o2h5889-function-source-mlCAnNQ9/LJVJayYUi7KUxH/CQQ=.zip",
            "kms_key_name": "",
            "md5hash": "wrxLjv6b+t2Gt/ef48LRfg==",
            "md5hexhash": "c2bc4b8efe9bfadd86b7f79fe3c2d17e",
            "media_link": "https://storage.googleapis.com/download/storage/v1/b/source39o2h5889/o/function-source-mlCAnNQ9%2FLJVJayYUi7KUxH%2FCQQ=.zip?generation=1762935216908059\u0026alt=media",
            "metadata": {},
            "name": "function-source-mlCAnNQ9/LJVJayYUi7KUxH/CQQ=.zip",
            "output_name": "function-source-mlCAnNQ9/LJVJayYUi7KUxH/CQQ=.zip",
            "retention": [],
            "self_link": "https://www.googleapis.com/storage/v1/b/source39o2h5889/o/function-source-mlCAnNQ9%2FLJVJayYUi7KUxH%2FCQQ=.zip",
            "source": "/workspaces/xiaoice_class_assistant/cdktf/cdktf.out/functions/function-source-mlCAnNQ9/LJVJayYUi7KUxH/CQQ=.zip",
            "source_md5hash": "",
            "storage_class": "REGIONAL",
            "temporary_hold": false,
            "timeouts": null
          },
          "sensitive_attributes": [
            [
              {
                "type": "get_attr",
                "value": "content"
              }
            ]
          ],
          "identity_schema_version": 0,
          "private": "eyJlMmJmYjczMC1lY2FhLTExZTYtOGY4OC0zNDM2M2JjN2M0YzAiOnsiY3JlYXRlIjoyNDAwMDAwMDAwMDAsImRlbGV0ZSI6MjQwMDAwMDAwMDAwLCJ1cGRhdGUiOjI0MDAwMDAwMDAwMH19",
          "dependencies": [
            "data.archive_file.welcomeFunction_archiveFile_5BD55F0D",
            "data.google_billing_account.billing-account",
            "google_project.project",
            "google_project_service.cloud-function-deployment_apikeysgoogleapiscom_7DF57E08",
            "google_project_service.cloud-function-deployment_artifactregistrygoogleapiscom_BFA77002",
            "google_project_service.cloud-function-deployment_cloudbuildgoogleapiscom_9B74C6CA",
            "google_project_service.cloud-function-deployment_cloudfunctionsgoogleapiscom_C10A0153",
            "google_project_service.cloud-function-deployment_cloudresourcemanagergoogleapiscom_A5C5CC28",
            "google_project_service.cloud-function-deployment_eventarcgoogleapiscom_E6BF237D",
            "google_project_service.cloud-function-deployment_iamgoogleapiscom_7FA426A6",
            "google_project_service.cloud-function-deployment_logginggoogleapiscom_DEF6A65B",
            "google_project_service.cloud-function-deployment_rungoogleapiscom_6743F467",
            "google_project_service.cloud-function-deployment_secretmanagergoogleapiscom_1A7B8455",
            "google_project_service.cloud-function-deployment_storage-apigoogleapiscom_E96DBBDB",
            "google_project_service.cloud-function-deployment_storage-componentgoogleapiscom_645D3EB0",
            "google_storage_bucket.cloud-function-deployment_sourceBucket_7C4598A4",
            "random_string.cloud-function-deployment_bucketPrefix_E4600AAA"
          ],
          "create_before_destroy": true
        }
      ]
    },
    {
      "mode": "managed",
      "type": "random_string",
      "name": "cloud-function-deployment_bucketPrefix_E4600AAA",
      "provider": "provider[\"registry.terraform.io/hashicorp/random\"]",
      "instances": [
        {
          "schema_version": 2,
          "attributes": {
            "id": "39o2h5889",
            "keepers": null,
            "length": 9,
            "lower": true,
            "min_lower": 0,
            "min_numeric": 0,
            "min_special": 0,
            "min_upper": 0,
            "number": true,
            "numeric": true,
            "override_special": null,
            "result": "39o2h5889",
            "special": false,
            "upper": false
          },
          "sensitive_attributes": [],
          "identity_schema_version": 0,
          "create_before_destroy": true
        }
      ]
    }
  ],
  "check_results": null
}
